
Microsoft Visual Studio Solution File, Format Version 12.00
# Visual Studio 14
VisualStudioVersion = 14.0.25420.1
MinimumVisualStudioVersion = 10.0.40219.1
Project("{2150E333-8FDC-42A3-9474-1A3956D46DE8}") = "MobileClient", "MobileClient", "{78C1DD09-7EC2-4987-8BCA-87DFBA3BCBDD}"
EndProject
Project("{FAE04EC0-301F-11D3-BF4B-00C04F79EFBC}") = "Mdia.Mobile.Android", "Mdia.Mobile\Mdia.Mobile.Android\Mdia.Mobile.Android.csproj", "{568D29C7-AD18-44A9-999C-952D1B0ED944}"
EndProject
Project("{FAE04EC0-301F-11D3-BF4B-00C04F79EFBC}") = "Mdia.Mobile", "Mdia.Mobile\Mdia.Mobile\Mdia.Mobile.csproj", "{8D38925A-FD70-4072-B8E6-955960FC3743}"
	ProjectSection(ProjectDependencies) = postProject
		{4C0F687F-23F9-4742-B7C1-67FEB8C86918} = {4C0F687F-23F9-4742-B7C1-67FEB8C86918}
	EndProjectSection
EndProject
Project("{FAE04EC0-301F-11D3-BF4B-00C04F79EFBC}") = "Mdia.Mobile.iOS", "Mdia.Mobile\Mdia.Mobile.iOS\Mdia.Mobile.iOS.csproj", "{D5731729-4EE4-4FF2-B4D3-5CF3B0667F7A}"
EndProject
Project("{2150E333-8FDC-42A3-9474-1A3956D46DE8}") = "ServiceLayer", "ServiceLayer", "{6099BC51-AD3E-46B0-8C95-C859D9F843C1}"
EndProject
Project("{FAE04EC0-301F-11D3-BF4B-00C04F79EFBC}") = "Mdia.Service", "Mdia.Service\Mdia.Service.csproj", "{4C0F687F-23F9-4742-B7C1-67FEB8C86918}"
EndProject
Project("{FAE04EC0-301F-11D3-BF4B-00C04F79EFBC}") = "Mdia.Data", "Mdia.Data\Mdia.Data.csproj", "{845CBE81-74F0-4526-ABAE-77585B86233E}"
EndProject
Project("{FAE04EC0-301F-11D3-BF4B-00C04F79EFBC}") = "Mdia.Business", "Mdia.Business\Mdia.Business.csproj", "{B7ACC7F8-9CD6-47A5-B55E-A751BEA13F8D}"
EndProject
Project("{FAE04EC0-301F-11D3-BF4B-00C04F79EFBC}") = "Mdia.Mobile.Test", "Mdia.Mobile.Test\Mdia.Mobile.Test.csproj", "{8D75CC64-50D9-4D8F-8DFA-818B57634699}"
EndProject
Project("{FAE04EC0-301F-11D3-BF4B-00C04F79EFBC}") = "Mdia.WebAPI", "Mdia.WebAPI\Mdia.WebAPI.csproj", "{A93C4018-1293-4A39-92CF-640F17DE0A2C}"
EndProject
Project("{FAE04EC0-301F-11D3-BF4B-00C04F79EFBC}") = "Mdia.WebAPI.Tests", "Mdia.WebAPI.Tests\Mdia.WebAPI.Tests.csproj", "{EC1D3593-8877-4BC1-AB21-C52EE85683DF}"
EndProject
Project("{FAE04EC0-301F-11D3-BF4B-00C04F79EFBC}") = "Mdia.Model", "Mdia.Model\Mdia.Model.csproj", "{B772D79C-3AB9-470E-BBA4-D1766BA4B611}"
EndProject
Project("{FAE04EC0-301F-11D3-BF4B-00C04F79EFBC}") = "Mdia.Entity", "Mdia.Entity\Mdia.Entity.csproj", "{3DEC83A6-9037-4B34-A83B-8F601E6C8FA0}"
EndProject
Project("{FAE04EC0-301F-11D3-BF4B-00C04F79EFBC}") = "Mdia.Utility", "Mdia.Utility\Mdia.Utility.csproj", "{55EE7291-40D7-4CCB-B1D2-9FC16D1751AE}"
EndProject
Project("{FAE04EC0-301F-11D3-BF4B-00C04F79EFBC}") = "Mdia.Mobile.Toolkit", "Mdia.Mobile.Toolkit\Mdia.Mobile.Toolkit.csproj", "{44A75A74-F86C-4F32-AF6A-14E57506CDB7}"
EndProject
Project("{2150E333-8FDC-42A3-9474-1A3956D46DE8}") = "Toolkit", "Toolkit", "{FD574E79-9274-4D21-80CC-B14B394D04E2}"
EndProject
Project("{FAE04EC0-301F-11D3-BF4B-00C04F79EFBC}") = "Mdia.Mobile.Toolkit.Android", "Mdia.Mobile.Toolkit.Android\Mdia.Mobile.Toolkit.Android.csproj", "{D33118FF-4B1C-4586-AFBA-8A0CD7906526}"
EndProject
Project("{2150E333-8FDC-42A3-9474-1A3956D46DE8}") = "ServiceLayerTest", "ServiceLayerTest", "{662ECF70-C8A9-4222-AC5F-DD96FE4C4F1D}"
EndProject
Project("{FAE04EC0-301F-11D3-BF4B-00C04F79EFBC}") = "Mdia.Business.Test", "Mdia.Service.Test\Mdia.Business.Test\Mdia.Business.Test.csproj", "{5B9D65EB-3661-4EA3-8CC5-E173F660A5B9}"
EndProject
Project("{FAE04EC0-301F-11D3-BF4B-00C04F79EFBC}") = "Mdia.Utility.Test", "Mdia.Service.Test\Mdia.Utility.Test\Mdia.Utility.Test.csproj", "{6622A028-798F-4EF2-891A-85BDBC7DF164}"
EndProject
Global
	GlobalSection(SolutionConfigurationPlatforms) = preSolution
		Ad-Hoc|Any CPU = Ad-Hoc|Any CPU
		Ad-Hoc|ARM = Ad-Hoc|ARM
		Ad-Hoc|iPhone = Ad-Hoc|iPhone
		Ad-Hoc|iPhoneSimulator = Ad-Hoc|iPhoneSimulator
		Ad-Hoc|x64 = Ad-Hoc|x64
		Ad-Hoc|x86 = Ad-Hoc|x86
		AppStore|Any CPU = AppStore|Any CPU
		AppStore|ARM = AppStore|ARM
		AppStore|iPhone = AppStore|iPhone
		AppStore|iPhoneSimulator = AppStore|iPhoneSimulator
		AppStore|x64 = AppStore|x64
		AppStore|x86 = AppStore|x86
		Debug|Any CPU = Debug|Any CPU
		Debug|ARM = Debug|ARM
		Debug|iPhone = Debug|iPhone
		Debug|iPhoneSimulator = Debug|iPhoneSimulator
		Debug|x64 = Debug|x64
		Debug|x86 = Debug|x86
		Release|Any CPU = Release|Any CPU
		Release|ARM = Release|ARM
		Release|iPhone = Release|iPhone
		Release|iPhoneSimulator = Release|iPhoneSimulator
		Release|x64 = Release|x64
		Release|x86 = Release|x86
	EndGlobalSection
	GlobalSection(ProjectConfigurationPlatforms) = postSolution
		{568D29C7-AD18-44A9-999C-952D1B0ED944}.Ad-Hoc|Any CPU.ActiveCfg = Release|Any CPU
		{568D29C7-AD18-44A9-999C-952D1B0ED944}.Ad-Hoc|Any CPU.Build.0 = Release|Any CPU
		{568D29C7-AD18-44A9-999C-952D1B0ED944}.Ad-Hoc|Any CPU.Deploy.0 = Release|Any CPU
		{568D29C7-AD18-44A9-999C-952D1B0ED944}.Ad-Hoc|ARM.ActiveCfg = Release|Any CPU
		{568D29C7-AD18-44A9-999C-952D1B0ED944}.Ad-Hoc|ARM.Build.0 = Release|Any CPU
		{568D29C7-AD18-44A9-999C-952D1B0ED944}.Ad-Hoc|ARM.Deploy.0 = Release|Any CPU
		{568D29C7-AD18-44A9-999C-952D1B0ED944}.Ad-Hoc|iPhone.ActiveCfg = Release|Any CPU
		{568D29C7-AD18-44A9-999C-952D1B0ED944}.Ad-Hoc|iPhone.Build.0 = Release|Any CPU
		{568D29C7-AD18-44A9-999C-952D1B0ED944}.Ad-Hoc|iPhone.Deploy.0 = Release|Any CPU
		{568D29C7-AD18-44A9-999C-952D1B0ED944}.Ad-Hoc|iPhoneSimulator.ActiveCfg = Release|Any CPU
		{568D29C7-AD18-44A9-999C-952D1B0ED944}.Ad-Hoc|iPhoneSimulator.Build.0 = Release|Any CPU
		{568D29C7-AD18-44A9-999C-952D1B0ED944}.Ad-Hoc|iPhoneSimulator.Deploy.0 = Release|Any CPU
		{568D29C7-AD18-44A9-999C-952D1B0ED944}.Ad-Hoc|x64.ActiveCfg = Release|Any CPU
		{568D29C7-AD18-44A9-999C-952D1B0ED944}.Ad-Hoc|x64.Build.0 = Release|Any CPU
		{568D29C7-AD18-44A9-999C-952D1B0ED944}.Ad-Hoc|x64.Deploy.0 = Release|Any CPU
		{568D29C7-AD18-44A9-999C-952D1B0ED944}.Ad-Hoc|x86.ActiveCfg = Release|Any CPU
		{568D29C7-AD18-44A9-999C-952D1B0ED944}.Ad-Hoc|x86.Build.0 = Release|Any CPU
		{568D29C7-AD18-44A9-999C-952D1B0ED944}.Ad-Hoc|x86.Deploy.0 = Release|Any CPU
		{568D29C7-AD18-44A9-999C-952D1B0ED944}.AppStore|Any CPU.ActiveCfg = Release|Any CPU
		{568D29C7-AD18-44A9-999C-952D1B0ED944}.AppStore|Any CPU.Build.0 = Release|Any CPU
		{568D29C7-AD18-44A9-999C-952D1B0ED944}.AppStore|Any CPU.Deploy.0 = Release|Any CPU
		{568D29C7-AD18-44A9-999C-952D1B0ED944}.AppStore|ARM.ActiveCfg = Release|Any CPU
		{568D29C7-AD18-44A9-999C-952D1B0ED944}.AppStore|ARM.Build.0 = Release|Any CPU
		{568D29C7-AD18-44A9-999C-952D1B0ED944}.AppStore|ARM.Deploy.0 = Release|Any CPU
		{568D29C7-AD18-44A9-999C-952D1B0ED944}.AppStore|iPhone.ActiveCfg = Release|Any CPU
		{568D29C7-AD18-44A9-999C-952D1B0ED944}.AppStore|iPhone.Build.0 = Release|Any CPU
		{568D29C7-AD18-44A9-999C-952D1B0ED944}.AppStore|iPhone.Deploy.0 = Release|Any CPU
		{568D29C7-AD18-44A9-999C-952D1B0ED944}.AppStore|iPhoneSimulator.ActiveCfg = Release|Any CPU
		{568D29C7-AD18-44A9-999C-952D1B0ED944}.AppStore|iPhoneSimulator.Build.0 = Release|Any CPU
		{568D29C7-AD18-44A9-999C-952D1B0ED944}.AppStore|iPhoneSimulator.Deploy.0 = Release|Any CPU
		{568D29C7-AD18-44A9-999C-952D1B0ED944}.AppStore|x64.ActiveCfg = Release|Any CPU
		{568D29C7-AD18-44A9-999C-952D1B0ED944}.AppStore|x64.Build.0 = Release|Any CPU
		{568D29C7-AD18-44A9-999C-952D1B0ED944}.AppStore|x64.Deploy.0 = Release|Any CPU
		{568D29C7-AD18-44A9-999C-952D1B0ED944}.AppStore|x86.ActiveCfg = Release|Any CPU
		{568D29C7-AD18-44A9-999C-952D1B0ED944}.AppStore|x86.Build.0 = Release|Any CPU
		{568D29C7-AD18-44A9-999C-952D1B0ED944}.AppStore|x86.Deploy.0 = Release|Any CPU
		{568D29C7-AD18-44A9-999C-952D1B0ED944}.Debug|Any CPU.ActiveCfg = Debug|Any CPU
		{568D29C7-AD18-44A9-999C-952D1B0ED944}.Debug|Any CPU.Build.0 = Debug|Any CPU
		{568D29C7-AD18-44A9-999C-952D1B0ED944}.Debug|Any CPU.Deploy.0 = Debug|Any CPU
		{568D29C7-AD18-44A9-999C-952D1B0ED944}.Debug|ARM.ActiveCfg = Debug|Any CPU
		{568D29C7-AD18-44A9-999C-952D1B0ED944}.Debug|ARM.Build.0 = Debug|Any CPU
		{568D29C7-AD18-44A9-999C-952D1B0ED944}.Debug|ARM.Deploy.0 = Debug|Any CPU
		{568D29C7-AD18-44A9-999C-952D1B0ED944}.Debug|iPhone.ActiveCfg = Debug|Any CPU
		{568D29C7-AD18-44A9-999C-952D1B0ED944}.Debug|iPhone.Build.0 = Debug|Any CPU
		{568D29C7-AD18-44A9-999C-952D1B0ED944}.Debug|iPhone.Deploy.0 = Debug|Any CPU
		{568D29C7-AD18-44A9-999C-952D1B0ED944}.Debug|iPhoneSimulator.ActiveCfg = Debug|Any CPU
		{568D29C7-AD18-44A9-999C-952D1B0ED944}.Debug|iPhoneSimulator.Build.0 = Debug|Any CPU
		{568D29C7-AD18-44A9-999C-952D1B0ED944}.Debug|iPhoneSimulator.Deploy.0 = Debug|Any CPU
		{568D29C7-AD18-44A9-999C-952D1B0ED944}.Debug|x64.ActiveCfg = Debug|Any CPU
		{568D29C7-AD18-44A9-999C-952D1B0ED944}.Debug|x64.Build.0 = Debug|Any CPU
		{568D29C7-AD18-44A9-999C-952D1B0ED944}.Debug|x64.Deploy.0 = Debug|Any CPU
		{568D29C7-AD18-44A9-999C-952D1B0ED944}.Debug|x86.ActiveCfg = Debug|Any CPU
		{568D29C7-AD18-44A9-999C-952D1B0ED944}.Debug|x86.Build.0 = Debug|Any CPU
		{568D29C7-AD18-44A9-999C-952D1B0ED944}.Debug|x86.Deploy.0 = Debug|Any CPU
		{568D29C7-AD18-44A9-999C-952D1B0ED944}.Release|Any CPU.ActiveCfg = Release|Any CPU
		{568D29C7-AD18-44A9-999C-952D1B0ED944}.Release|Any CPU.Build.0 = Release|Any CPU
		{568D29C7-AD18-44A9-999C-952D1B0ED944}.Release|Any CPU.Deploy.0 = Release|Any CPU
		{568D29C7-AD18-44A9-999C-952D1B0ED944}.Release|ARM.ActiveCfg = Release|Any CPU
		{568D29C7-AD18-44A9-999C-952D1B0ED944}.Release|ARM.Build.0 = Release|Any CPU
		{568D29C7-AD18-44A9-999C-952D1B0ED944}.Release|ARM.Deploy.0 = Release|Any CPU
		{568D29C7-AD18-44A9-999C-952D1B0ED944}.Release|iPhone.ActiveCfg = Release|Any CPU
		{568D29C7-AD18-44A9-999C-952D1B0ED944}.Release|iPhone.Build.0 = Release|Any CPU
		{568D29C7-AD18-44A9-999C-952D1B0ED944}.Release|iPhone.Deploy.0 = Release|Any CPU
		{568D29C7-AD18-44A9-999C-952D1B0ED944}.Release|iPhoneSimulator.ActiveCfg = Release|Any CPU
		{568D29C7-AD18-44A9-999C-952D1B0ED944}.Release|iPhoneSimulator.Build.0 = Release|Any CPU
		{568D29C7-AD18-44A9-999C-952D1B0ED944}.Release|iPhoneSimulator.Deploy.0 = Release|Any CPU
		{568D29C7-AD18-44A9-999C-952D1B0ED944}.Release|x64.ActiveCfg = Release|Any CPU
		{568D29C7-AD18-44A9-999C-952D1B0ED944}.Release|x64.Build.0 = Release|Any CPU
		{568D29C7-AD18-44A9-999C-952D1B0ED944}.Release|x64.Deploy.0 = Release|Any CPU
		{568D29C7-AD18-44A9-999C-952D1B0ED944}.Release|x86.ActiveCfg = Release|Any CPU
		{568D29C7-AD18-44A9-999C-952D1B0ED944}.Release|x86.Build.0 = Release|Any CPU
		{568D29C7-AD18-44A9-999C-952D1B0ED944}.Release|x86.Deploy.0 = Release|Any CPU
		{8D38925A-FD70-4072-B8E6-955960FC3743}.Ad-Hoc|Any CPU.ActiveCfg = Release|Any CPU
		{8D38925A-FD70-4072-B8E6-955960FC3743}.Ad-Hoc|Any CPU.Build.0 = Release|Any CPU
		{8D38925A-FD70-4072-B8E6-955960FC3743}.Ad-Hoc|ARM.ActiveCfg = Release|Any CPU
		{8D38925A-FD70-4072-B8E6-955960FC3743}.Ad-Hoc|ARM.Build.0 = Release|Any CPU
		{8D38925A-FD70-4072-B8E6-955960FC3743}.Ad-Hoc|iPhone.ActiveCfg = Release|Any CPU
		{8D38925A-FD70-4072-B8E6-955960FC3743}.Ad-Hoc|iPhone.Build.0 = Release|Any CPU
		{8D38925A-FD70-4072-B8E6-955960FC3743}.Ad-Hoc|iPhoneSimulator.ActiveCfg = Release|Any CPU
		{8D38925A-FD70-4072-B8E6-955960FC3743}.Ad-Hoc|iPhoneSimulator.Build.0 = Release|Any CPU
		{8D38925A-FD70-4072-B8E6-955960FC3743}.Ad-Hoc|x64.ActiveCfg = Release|Any CPU
		{8D38925A-FD70-4072-B8E6-955960FC3743}.Ad-Hoc|x64.Build.0 = Release|Any CPU
		{8D38925A-FD70-4072-B8E6-955960FC3743}.Ad-Hoc|x86.ActiveCfg = Release|Any CPU
		{8D38925A-FD70-4072-B8E6-955960FC3743}.Ad-Hoc|x86.Build.0 = Release|Any CPU
		{8D38925A-FD70-4072-B8E6-955960FC3743}.AppStore|Any CPU.ActiveCfg = Release|Any CPU
		{8D38925A-FD70-4072-B8E6-955960FC3743}.AppStore|Any CPU.Build.0 = Release|Any CPU
		{8D38925A-FD70-4072-B8E6-955960FC3743}.AppStore|ARM.ActiveCfg = Release|Any CPU
		{8D38925A-FD70-4072-B8E6-955960FC3743}.AppStore|ARM.Build.0 = Release|Any CPU
		{8D38925A-FD70-4072-B8E6-955960FC3743}.AppStore|iPhone.ActiveCfg = Release|Any CPU
		{8D38925A-FD70-4072-B8E6-955960FC3743}.AppStore|iPhone.Build.0 = Release|Any CPU
		{8D38925A-FD70-4072-B8E6-955960FC3743}.AppStore|iPhoneSimulator.ActiveCfg = Release|Any CPU
		{8D38925A-FD70-4072-B8E6-955960FC3743}.AppStore|iPhoneSimulator.Build.0 = Release|Any CPU
		{8D38925A-FD70-4072-B8E6-955960FC3743}.AppStore|x64.ActiveCfg = Release|Any CPU
		{8D38925A-FD70-4072-B8E6-955960FC3743}.AppStore|x64.Build.0 = Release|Any CPU
		{8D38925A-FD70-4072-B8E6-955960FC3743}.AppStore|x86.ActiveCfg = Release|Any CPU
		{8D38925A-FD70-4072-B8E6-955960FC3743}.AppStore|x86.Build.0 = Release|Any CPU
		{8D38925A-FD70-4072-B8E6-955960FC3743}.Debug|Any CPU.ActiveCfg = Debug|Any CPU
		{8D38925A-FD70-4072-B8E6-955960FC3743}.Debug|Any CPU.Build.0 = Debug|Any CPU
		{8D38925A-FD70-4072-B8E6-955960FC3743}.Debug|ARM.ActiveCfg = Debug|Any CPU
		{8D38925A-FD70-4072-B8E6-955960FC3743}.Debug|ARM.Build.0 = Debug|Any CPU
		{8D38925A-FD70-4072-B8E6-955960FC3743}.Debug|iPhone.ActiveCfg = Debug|Any CPU
		{8D38925A-FD70-4072-B8E6-955960FC3743}.Debug|iPhone.Build.0 = Debug|Any CPU
		{8D38925A-FD70-4072-B8E6-955960FC3743}.Debug|iPhoneSimulator.ActiveCfg = Debug|Any CPU
		{8D38925A-FD70-4072-B8E6-955960FC3743}.Debug|iPhoneSimulator.Build.0 = Debug|Any CPU
		{8D38925A-FD70-4072-B8E6-955960FC3743}.Debug|x64.ActiveCfg = Debug|Any CPU
		{8D38925A-FD70-4072-B8E6-955960FC3743}.Debug|x64.Build.0 = Debug|Any CPU
		{8D38925A-FD70-4072-B8E6-955960FC3743}.Debug|x86.ActiveCfg = Debug|Any CPU
		{8D38925A-FD70-4072-B8E6-955960FC3743}.Debug|x86.Build.0 = Debug|Any CPU
		{8D38925A-FD70-4072-B8E6-955960FC3743}.Release|Any CPU.ActiveCfg = Release|Any CPU
		{8D38925A-FD70-4072-B8E6-955960FC3743}.Release|Any CPU.Build.0 = Release|Any CPU
		{8D38925A-FD70-4072-B8E6-955960FC3743}.Release|ARM.ActiveCfg = Release|Any CPU
		{8D38925A-FD70-4072-B8E6-955960FC3743}.Release|ARM.Build.0 = Release|Any CPU
		{8D38925A-FD70-4072-B8E6-955960FC3743}.Release|iPhone.ActiveCfg = Release|Any CPU
		{8D38925A-FD70-4072-B8E6-955960FC3743}.Release|iPhone.Build.0 = Release|Any CPU
		{8D38925A-FD70-4072-B8E6-955960FC3743}.Release|iPhoneSimulator.ActiveCfg = Release|Any CPU
		{8D38925A-FD70-4072-B8E6-955960FC3743}.Release|iPhoneSimulator.Build.0 = Release|Any CPU
		{8D38925A-FD70-4072-B8E6-955960FC3743}.Release|x64.ActiveCfg = Release|Any CPU
		{8D38925A-FD70-4072-B8E6-955960FC3743}.Release|x64.Build.0 = Release|Any CPU
		{8D38925A-FD70-4072-B8E6-955960FC3743}.Release|x86.ActiveCfg = Release|Any CPU
		{8D38925A-FD70-4072-B8E6-955960FC3743}.Release|x86.Build.0 = Release|Any CPU
		{D5731729-4EE4-4FF2-B4D3-5CF3B0667F7A}.Ad-Hoc|Any CPU.ActiveCfg = Ad-Hoc|iPhone
		{D5731729-4EE4-4FF2-B4D3-5CF3B0667F7A}.Ad-Hoc|ARM.ActiveCfg = Ad-Hoc|iPhone
		{D5731729-4EE4-4FF2-B4D3-5CF3B0667F7A}.Ad-Hoc|iPhone.ActiveCfg = Ad-Hoc|iPhone
		{D5731729-4EE4-4FF2-B4D3-5CF3B0667F7A}.Ad-Hoc|iPhone.Build.0 = Ad-Hoc|iPhone
		{D5731729-4EE4-4FF2-B4D3-5CF3B0667F7A}.Ad-Hoc|iPhoneSimulator.ActiveCfg = Ad-Hoc|iPhoneSimulator
		{D5731729-4EE4-4FF2-B4D3-5CF3B0667F7A}.Ad-Hoc|iPhoneSimulator.Build.0 = Ad-Hoc|iPhoneSimulator
		{D5731729-4EE4-4FF2-B4D3-5CF3B0667F7A}.Ad-Hoc|x64.ActiveCfg = Ad-Hoc|iPhone
		{D5731729-4EE4-4FF2-B4D3-5CF3B0667F7A}.Ad-Hoc|x86.ActiveCfg = Ad-Hoc|iPhone
		{D5731729-4EE4-4FF2-B4D3-5CF3B0667F7A}.AppStore|Any CPU.ActiveCfg = AppStore|iPhone
		{D5731729-4EE4-4FF2-B4D3-5CF3B0667F7A}.AppStore|ARM.ActiveCfg = AppStore|iPhone
		{D5731729-4EE4-4FF2-B4D3-5CF3B0667F7A}.AppStore|iPhone.ActiveCfg = AppStore|iPhone
		{D5731729-4EE4-4FF2-B4D3-5CF3B0667F7A}.AppStore|iPhone.Build.0 = AppStore|iPhone
		{D5731729-4EE4-4FF2-B4D3-5CF3B0667F7A}.AppStore|iPhoneSimulator.ActiveCfg = AppStore|iPhoneSimulator
		{D5731729-4EE4-4FF2-B4D3-5CF3B0667F7A}.AppStore|iPhoneSimulator.Build.0 = AppStore|iPhoneSimulator
		{D5731729-4EE4-4FF2-B4D3-5CF3B0667F7A}.AppStore|x64.ActiveCfg = AppStore|iPhone
		{D5731729-4EE4-4FF2-B4D3-5CF3B0667F7A}.AppStore|x86.ActiveCfg = AppStore|iPhone
		{D5731729-4EE4-4FF2-B4D3-5CF3B0667F7A}.Debug|Any CPU.ActiveCfg = Debug|iPhone
		{D5731729-4EE4-4FF2-B4D3-5CF3B0667F7A}.Debug|ARM.ActiveCfg = Debug|iPhone
		{D5731729-4EE4-4FF2-B4D3-5CF3B0667F7A}.Debug|iPhone.ActiveCfg = Debug|iPhone
		{D5731729-4EE4-4FF2-B4D3-5CF3B0667F7A}.Debug|iPhone.Build.0 = Debug|iPhone
		{D5731729-4EE4-4FF2-B4D3-5CF3B0667F7A}.Debug|iPhoneSimulator.ActiveCfg = Debug|iPhoneSimulator
		{D5731729-4EE4-4FF2-B4D3-5CF3B0667F7A}.Debug|iPhoneSimulator.Build.0 = Debug|iPhoneSimulator
		{D5731729-4EE4-4FF2-B4D3-5CF3B0667F7A}.Debug|x64.ActiveCfg = Debug|iPhone
		{D5731729-4EE4-4FF2-B4D3-5CF3B0667F7A}.Debug|x86.ActiveCfg = Debug|iPhone
		{D5731729-4EE4-4FF2-B4D3-5CF3B0667F7A}.Release|Any CPU.ActiveCfg = Release|iPhone
		{D5731729-4EE4-4FF2-B4D3-5CF3B0667F7A}.Release|ARM.ActiveCfg = Release|iPhone
		{D5731729-4EE4-4FF2-B4D3-5CF3B0667F7A}.Release|iPhone.ActiveCfg = Release|iPhone
		{D5731729-4EE4-4FF2-B4D3-5CF3B0667F7A}.Release|iPhone.Build.0 = Release|iPhone
		{D5731729-4EE4-4FF2-B4D3-5CF3B0667F7A}.Release|iPhoneSimulator.ActiveCfg = Release|iPhoneSimulator
		{D5731729-4EE4-4FF2-B4D3-5CF3B0667F7A}.Release|iPhoneSimulator.Build.0 = Release|iPhoneSimulator
		{D5731729-4EE4-4FF2-B4D3-5CF3B0667F7A}.Release|x64.ActiveCfg = Release|iPhone
		{D5731729-4EE4-4FF2-B4D3-5CF3B0667F7A}.Release|x86.ActiveCfg = Release|iPhone
		{4C0F687F-23F9-4742-B7C1-67FEB8C86918}.Ad-Hoc|Any CPU.ActiveCfg = Release|Any CPU
		{4C0F687F-23F9-4742-B7C1-67FEB8C86918}.Ad-Hoc|Any CPU.Build.0 = Release|Any CPU
		{4C0F687F-23F9-4742-B7C1-67FEB8C86918}.Ad-Hoc|ARM.ActiveCfg = Release|Any CPU
		{4C0F687F-23F9-4742-B7C1-67FEB8C86918}.Ad-Hoc|ARM.Build.0 = Release|Any CPU
		{4C0F687F-23F9-4742-B7C1-67FEB8C86918}.Ad-Hoc|iPhone.ActiveCfg = Release|Any CPU
		{4C0F687F-23F9-4742-B7C1-67FEB8C86918}.Ad-Hoc|iPhone.Build.0 = Release|Any CPU
		{4C0F687F-23F9-4742-B7C1-67FEB8C86918}.Ad-Hoc|iPhoneSimulator.ActiveCfg = Release|Any CPU
		{4C0F687F-23F9-4742-B7C1-67FEB8C86918}.Ad-Hoc|iPhoneSimulator.Build.0 = Release|Any CPU
		{4C0F687F-23F9-4742-B7C1-67FEB8C86918}.Ad-Hoc|x64.ActiveCfg = Release|Any CPU
		{4C0F687F-23F9-4742-B7C1-67FEB8C86918}.Ad-Hoc|x64.Build.0 = Release|Any CPU
		{4C0F687F-23F9-4742-B7C1-67FEB8C86918}.Ad-Hoc|x86.ActiveCfg = Release|Any CPU
		{4C0F687F-23F9-4742-B7C1-67FEB8C86918}.Ad-Hoc|x86.Build.0 = Release|Any CPU
		{4C0F687F-23F9-4742-B7C1-67FEB8C86918}.AppStore|Any CPU.ActiveCfg = Release|Any CPU
		{4C0F687F-23F9-4742-B7C1-67FEB8C86918}.AppStore|Any CPU.Build.0 = Release|Any CPU
		{4C0F687F-23F9-4742-B7C1-67FEB8C86918}.AppStore|ARM.ActiveCfg = Release|Any CPU
		{4C0F687F-23F9-4742-B7C1-67FEB8C86918}.AppStore|ARM.Build.0 = Release|Any CPU
		{4C0F687F-23F9-4742-B7C1-67FEB8C86918}.AppStore|iPhone.ActiveCfg = Release|Any CPU
		{4C0F687F-23F9-4742-B7C1-67FEB8C86918}.AppStore|iPhone.Build.0 = Release|Any CPU
		{4C0F687F-23F9-4742-B7C1-67FEB8C86918}.AppStore|iPhoneSimulator.ActiveCfg = Release|Any CPU
		{4C0F687F-23F9-4742-B7C1-67FEB8C86918}.AppStore|iPhoneSimulator.Build.0 = Release|Any CPU
		{4C0F687F-23F9-4742-B7C1-67FEB8C86918}.AppStore|x64.ActiveCfg = Release|Any CPU
		{4C0F687F-23F9-4742-B7C1-67FEB8C86918}.AppStore|x64.Build.0 = Release|Any CPU
		{4C0F687F-23F9-4742-B7C1-67FEB8C86918}.AppStore|x86.ActiveCfg = Release|Any CPU
		{4C0F687F-23F9-4742-B7C1-67FEB8C86918}.AppStore|x86.Build.0 = Release|Any CPU
		{4C0F687F-23F9-4742-B7C1-67FEB8C86918}.Debug|Any CPU.ActiveCfg = Debug|Any CPU
		{4C0F687F-23F9-4742-B7C1-67FEB8C86918}.Debug|Any CPU.Build.0 = Debug|Any CPU
		{4C0F687F-23F9-4742-B7C1-67FEB8C86918}.Debug|ARM.ActiveCfg = Debug|Any CPU
		{4C0F687F-23F9-4742-B7C1-67FEB8C86918}.Debug|ARM.Build.0 = Debug|Any CPU
		{4C0F687F-23F9-4742-B7C1-67FEB8C86918}.Debug|iPhone.ActiveCfg = Debug|Any CPU
		{4C0F687F-23F9-4742-B7C1-67FEB8C86918}.Debug|iPhone.Build.0 = Debug|Any CPU
		{4C0F687F-23F9-4742-B7C1-67FEB8C86918}.Debug|iPhoneSimulator.ActiveCfg = Debug|Any CPU
		{4C0F687F-23F9-4742-B7C1-67FEB8C86918}.Debug|iPhoneSimulator.Build.0 = Debug|Any CPU
		{4C0F687F-23F9-4742-B7C1-67FEB8C86918}.Debug|x64.ActiveCfg = Debug|Any CPU
		{4C0F687F-23F9-4742-B7C1-67FEB8C86918}.Debug|x64.Build.0 = Debug|Any CPU
		{4C0F687F-23F9-4742-B7C1-67FEB8C86918}.Debug|x86.ActiveCfg = Debug|Any CPU
		{4C0F687F-23F9-4742-B7C1-67FEB8C86918}.Debug|x86.Build.0 = Debug|Any CPU
		{4C0F687F-23F9-4742-B7C1-67FEB8C86918}.Release|Any CPU.ActiveCfg = Release|Any CPU
		{4C0F687F-23F9-4742-B7C1-67FEB8C86918}.Release|Any CPU.Build.0 = Release|Any CPU
		{4C0F687F-23F9-4742-B7C1-67FEB8C86918}.Release|ARM.ActiveCfg = Release|Any CPU
		{4C0F687F-23F9-4742-B7C1-67FEB8C86918}.Release|ARM.Build.0 = Release|Any CPU
		{4C0F687F-23F9-4742-B7C1-67FEB8C86918}.Release|iPhone.ActiveCfg = Release|Any CPU
		{4C0F687F-23F9-4742-B7C1-67FEB8C86918}.Release|iPhone.Build.0 = Release|Any CPU
		{4C0F687F-23F9-4742-B7C1-67FEB8C86918}.Release|iPhoneSimulator.ActiveCfg = Release|Any CPU
		{4C0F687F-23F9-4742-B7C1-67FEB8C86918}.Release|iPhoneSimulator.Build.0 = Release|Any CPU
		{4C0F687F-23F9-4742-B7C1-67FEB8C86918}.Release|x64.ActiveCfg = Release|Any CPU
		{4C0F687F-23F9-4742-B7C1-67FEB8C86918}.Release|x64.Build.0 = Release|Any CPU
		{4C0F687F-23F9-4742-B7C1-67FEB8C86918}.Release|x86.ActiveCfg = Release|Any CPU
		{4C0F687F-23F9-4742-B7C1-67FEB8C86918}.Release|x86.Build.0 = Release|Any CPU
		{845CBE81-74F0-4526-ABAE-77585B86233E}.Ad-Hoc|Any CPU.ActiveCfg = Release|Any CPU
		{845CBE81-74F0-4526-ABAE-77585B86233E}.Ad-Hoc|Any CPU.Build.0 = Release|Any CPU
		{845CBE81-74F0-4526-ABAE-77585B86233E}.Ad-Hoc|ARM.ActiveCfg = Release|Any CPU
		{845CBE81-74F0-4526-ABAE-77585B86233E}.Ad-Hoc|ARM.Build.0 = Release|Any CPU
		{845CBE81-74F0-4526-ABAE-77585B86233E}.Ad-Hoc|iPhone.ActiveCfg = Release|Any CPU
		{845CBE81-74F0-4526-ABAE-77585B86233E}.Ad-Hoc|iPhone.Build.0 = Release|Any CPU
		{845CBE81-74F0-4526-ABAE-77585B86233E}.Ad-Hoc|iPhoneSimulator.ActiveCfg = Release|Any CPU
		{845CBE81-74F0-4526-ABAE-77585B86233E}.Ad-Hoc|iPhoneSimulator.Build.0 = Release|Any CPU
		{845CBE81-74F0-4526-ABAE-77585B86233E}.Ad-Hoc|x64.ActiveCfg = Release|Any CPU
		{845CBE81-74F0-4526-ABAE-77585B86233E}.Ad-Hoc|x64.Build.0 = Release|Any CPU
		{845CBE81-74F0-4526-ABAE-77585B86233E}.Ad-Hoc|x86.ActiveCfg = Release|Any CPU
		{845CBE81-74F0-4526-ABAE-77585B86233E}.Ad-Hoc|x86.Build.0 = Release|Any CPU
		{845CBE81-74F0-4526-ABAE-77585B86233E}.AppStore|Any CPU.ActiveCfg = Release|Any CPU
		{845CBE81-74F0-4526-ABAE-77585B86233E}.AppStore|Any CPU.Build.0 = Release|Any CPU
		{845CBE81-74F0-4526-ABAE-77585B86233E}.AppStore|ARM.ActiveCfg = Release|Any CPU
		{845CBE81-74F0-4526-ABAE-77585B86233E}.AppStore|ARM.Build.0 = Release|Any CPU
		{845CBE81-74F0-4526-ABAE-77585B86233E}.AppStore|iPhone.ActiveCfg = Release|Any CPU
		{845CBE81-74F0-4526-ABAE-77585B86233E}.AppStore|iPhone.Build.0 = Release|Any CPU
		{845CBE81-74F0-4526-ABAE-77585B86233E}.AppStore|iPhoneSimulator.ActiveCfg = Release|Any CPU
		{845CBE81-74F0-4526-ABAE-77585B86233E}.AppStore|iPhoneSimulator.Build.0 = Release|Any CPU
		{845CBE81-74F0-4526-ABAE-77585B86233E}.AppStore|x64.ActiveCfg = Release|Any CPU
		{845CBE81-74F0-4526-ABAE-77585B86233E}.AppStore|x64.Build.0 = Release|Any CPU
		{845CBE81-74F0-4526-ABAE-77585B86233E}.AppStore|x86.ActiveCfg = Release|Any CPU
		{845CBE81-74F0-4526-ABAE-77585B86233E}.AppStore|x86.Build.0 = Release|Any CPU
		{845CBE81-74F0-4526-ABAE-77585B86233E}.Debug|Any CPU.ActiveCfg = Debug|Any CPU
		{845CBE81-74F0-4526-ABAE-77585B86233E}.Debug|Any CPU.Build.0 = Debug|Any CPU
		{845CBE81-74F0-4526-ABAE-77585B86233E}.Debug|ARM.ActiveCfg = Debug|Any CPU
		{845CBE81-74F0-4526-ABAE-77585B86233E}.Debug|ARM.Build.0 = Debug|Any CPU
		{845CBE81-74F0-4526-ABAE-77585B86233E}.Debug|iPhone.ActiveCfg = Debug|Any CPU
		{845CBE81-74F0-4526-ABAE-77585B86233E}.Debug|iPhone.Build.0 = Debug|Any CPU
		{845CBE81-74F0-4526-ABAE-77585B86233E}.Debug|iPhoneSimulator.ActiveCfg = Debug|Any CPU
		{845CBE81-74F0-4526-ABAE-77585B86233E}.Debug|iPhoneSimulator.Build.0 = Debug|Any CPU
		{845CBE81-74F0-4526-ABAE-77585B86233E}.Debug|x64.ActiveCfg = Debug|Any CPU
		{845CBE81-74F0-4526-ABAE-77585B86233E}.Debug|x64.Build.0 = Debug|Any CPU
		{845CBE81-74F0-4526-ABAE-77585B86233E}.Debug|x86.ActiveCfg = Debug|Any CPU
		{845CBE81-74F0-4526-ABAE-77585B86233E}.Debug|x86.Build.0 = Debug|Any CPU
		{845CBE81-74F0-4526-ABAE-77585B86233E}.Release|Any CPU.ActiveCfg = Release|Any CPU
		{845CBE81-74F0-4526-ABAE-77585B86233E}.Release|Any CPU.Build.0 = Release|Any CPU
		{845CBE81-74F0-4526-ABAE-77585B86233E}.Release|ARM.ActiveCfg = Release|Any CPU
		{845CBE81-74F0-4526-ABAE-77585B86233E}.Release|ARM.Build.0 = Release|Any CPU
		{845CBE81-74F0-4526-ABAE-77585B86233E}.Release|iPhone.ActiveCfg = Release|Any CPU
		{845CBE81-74F0-4526-ABAE-77585B86233E}.Release|iPhone.Build.0 = Release|Any CPU
		{845CBE81-74F0-4526-ABAE-77585B86233E}.Release|iPhoneSimulator.ActiveCfg = Release|Any CPU
		{845CBE81-74F0-4526-ABAE-77585B86233E}.Release|iPhoneSimulator.Build.0 = Release|Any CPU
		{845CBE81-74F0-4526-ABAE-77585B86233E}.Release|x64.ActiveCfg = Release|Any CPU
		{845CBE81-74F0-4526-ABAE-77585B86233E}.Release|x64.Build.0 = Release|Any CPU
		{845CBE81-74F0-4526-ABAE-77585B86233E}.Release|x86.ActiveCfg = Release|Any CPU
		{845CBE81-74F0-4526-ABAE-77585B86233E}.Release|x86.Build.0 = Release|Any CPU
		{B7ACC7F8-9CD6-47A5-B55E-A751BEA13F8D}.Ad-Hoc|Any CPU.ActiveCfg = Release|Any CPU
		{B7ACC7F8-9CD6-47A5-B55E-A751BEA13F8D}.Ad-Hoc|Any CPU.Build.0 = Release|Any CPU
		{B7ACC7F8-9CD6-47A5-B55E-A751BEA13F8D}.Ad-Hoc|ARM.ActiveCfg = Release|Any CPU
		{B7ACC7F8-9CD6-47A5-B55E-A751BEA13F8D}.Ad-Hoc|ARM.Build.0 = Release|Any CPU
		{B7ACC7F8-9CD6-47A5-B55E-A751BEA13F8D}.Ad-Hoc|iPhone.ActiveCfg = Release|Any CPU
		{B7ACC7F8-9CD6-47A5-B55E-A751BEA13F8D}.Ad-Hoc|iPhone.Build.0 = Release|Any CPU
		{B7ACC7F8-9CD6-47A5-B55E-A751BEA13F8D}.Ad-Hoc|iPhoneSimulator.ActiveCfg = Release|Any CPU
		{B7ACC7F8-9CD6-47A5-B55E-A751BEA13F8D}.Ad-Hoc|iPhoneSimulator.Build.0 = Release|Any CPU
		{B7ACC7F8-9CD6-47A5-B55E-A751BEA13F8D}.Ad-Hoc|x64.ActiveCfg = Release|Any CPU
		{B7ACC7F8-9CD6-47A5-B55E-A751BEA13F8D}.Ad-Hoc|x64.Build.0 = Release|Any CPU
		{B7ACC7F8-9CD6-47A5-B55E-A751BEA13F8D}.Ad-Hoc|x86.ActiveCfg = Release|Any CPU
		{B7ACC7F8-9CD6-47A5-B55E-A751BEA13F8D}.Ad-Hoc|x86.Build.0 = Release|Any CPU
		{B7ACC7F8-9CD6-47A5-B55E-A751BEA13F8D}.AppStore|Any CPU.ActiveCfg = Release|Any CPU
		{B7ACC7F8-9CD6-47A5-B55E-A751BEA13F8D}.AppStore|Any CPU.Build.0 = Release|Any CPU
		{B7ACC7F8-9CD6-47A5-B55E-A751BEA13F8D}.AppStore|ARM.ActiveCfg = Release|Any CPU
		{B7ACC7F8-9CD6-47A5-B55E-A751BEA13F8D}.AppStore|ARM.Build.0 = Release|Any CPU
		{B7ACC7F8-9CD6-47A5-B55E-A751BEA13F8D}.AppStore|iPhone.ActiveCfg = Release|Any CPU
		{B7ACC7F8-9CD6-47A5-B55E-A751BEA13F8D}.AppStore|iPhone.Build.0 = Release|Any CPU
		{B7ACC7F8-9CD6-47A5-B55E-A751BEA13F8D}.AppStore|iPhoneSimulator.ActiveCfg = Release|Any CPU
		{B7ACC7F8-9CD6-47A5-B55E-A751BEA13F8D}.AppStore|iPhoneSimulator.Build.0 = Release|Any CPU
		{B7ACC7F8-9CD6-47A5-B55E-A751BEA13F8D}.AppStore|x64.ActiveCfg = Release|Any CPU
		{B7ACC7F8-9CD6-47A5-B55E-A751BEA13F8D}.AppStore|x64.Build.0 = Release|Any CPU
		{B7ACC7F8-9CD6-47A5-B55E-A751BEA13F8D}.AppStore|x86.ActiveCfg = Release|Any CPU
		{B7ACC7F8-9CD6-47A5-B55E-A751BEA13F8D}.AppStore|x86.Build.0 = Release|Any CPU
		{B7ACC7F8-9CD6-47A5-B55E-A751BEA13F8D}.Debug|Any CPU.ActiveCfg = Debug|Any CPU
		{B7ACC7F8-9CD6-47A5-B55E-A751BEA13F8D}.Debug|Any CPU.Build.0 = Debug|Any CPU
		{B7ACC7F8-9CD6-47A5-B55E-A751BEA13F8D}.Debug|ARM.ActiveCfg = Debug|Any CPU
		{B7ACC7F8-9CD6-47A5-B55E-A751BEA13F8D}.Debug|ARM.Build.0 = Debug|Any CPU
		{B7ACC7F8-9CD6-47A5-B55E-A751BEA13F8D}.Debug|iPhone.ActiveCfg = Debug|Any CPU
		{B7ACC7F8-9CD6-47A5-B55E-A751BEA13F8D}.Debug|iPhone.Build.0 = Debug|Any CPU
		{B7ACC7F8-9CD6-47A5-B55E-A751BEA13F8D}.Debug|iPhoneSimulator.ActiveCfg = Debug|Any CPU
		{B7ACC7F8-9CD6-47A5-B55E-A751BEA13F8D}.Debug|iPhoneSimulator.Build.0 = Debug|Any CPU
		{B7ACC7F8-9CD6-47A5-B55E-A751BEA13F8D}.Debug|x64.ActiveCfg = Debug|Any CPU
		{B7ACC7F8-9CD6-47A5-B55E-A751BEA13F8D}.Debug|x64.Build.0 = Debug|Any CPU
		{B7ACC7F8-9CD6-47A5-B55E-A751BEA13F8D}.Debug|x86.ActiveCfg = Debug|Any CPU
		{B7ACC7F8-9CD6-47A5-B55E-A751BEA13F8D}.Debug|x86.Build.0 = Debug|Any CPU
		{B7ACC7F8-9CD6-47A5-B55E-A751BEA13F8D}.Release|Any CPU.ActiveCfg = Release|Any CPU
		{B7ACC7F8-9CD6-47A5-B55E-A751BEA13F8D}.Release|Any CPU.Build.0 = Release|Any CPU
		{B7ACC7F8-9CD6-47A5-B55E-A751BEA13F8D}.Release|ARM.ActiveCfg = Release|Any CPU
		{B7ACC7F8-9CD6-47A5-B55E-A751BEA13F8D}.Release|ARM.Build.0 = Release|Any CPU
		{B7ACC7F8-9CD6-47A5-B55E-A751BEA13F8D}.Release|iPhone.ActiveCfg = Release|Any CPU
		{B7ACC7F8-9CD6-47A5-B55E-A751BEA13F8D}.Release|iPhone.Build.0 = Release|Any CPU
		{B7ACC7F8-9CD6-47A5-B55E-A751BEA13F8D}.Release|iPhoneSimulator.ActiveCfg = Release|Any CPU
		{B7ACC7F8-9CD6-47A5-B55E-A751BEA13F8D}.Release|iPhoneSimulator.Build.0 = Release|Any CPU
		{B7ACC7F8-9CD6-47A5-B55E-A751BEA13F8D}.Release|x64.ActiveCfg = Release|Any CPU
		{B7ACC7F8-9CD6-47A5-B55E-A751BEA13F8D}.Release|x64.Build.0 = Release|Any CPU
		{B7ACC7F8-9CD6-47A5-B55E-A751BEA13F8D}.Release|x86.ActiveCfg = Release|Any CPU
		{B7ACC7F8-9CD6-47A5-B55E-A751BEA13F8D}.Release|x86.Build.0 = Release|Any CPU
		{8D75CC64-50D9-4D8F-8DFA-818B57634699}.Ad-Hoc|Any CPU.ActiveCfg = Release|Any CPU
		{8D75CC64-50D9-4D8F-8DFA-818B57634699}.Ad-Hoc|Any CPU.Build.0 = Release|Any CPU
		{8D75CC64-50D9-4D8F-8DFA-818B57634699}.Ad-Hoc|ARM.ActiveCfg = Release|Any CPU
		{8D75CC64-50D9-4D8F-8DFA-818B57634699}.Ad-Hoc|ARM.Build.0 = Release|Any CPU
		{8D75CC64-50D9-4D8F-8DFA-818B57634699}.Ad-Hoc|iPhone.ActiveCfg = Release|Any CPU
		{8D75CC64-50D9-4D8F-8DFA-818B57634699}.Ad-Hoc|iPhone.Build.0 = Release|Any CPU
		{8D75CC64-50D9-4D8F-8DFA-818B57634699}.Ad-Hoc|iPhoneSimulator.ActiveCfg = Release|Any CPU
		{8D75CC64-50D9-4D8F-8DFA-818B57634699}.Ad-Hoc|iPhoneSimulator.Build.0 = Release|Any CPU
		{8D75CC64-50D9-4D8F-8DFA-818B57634699}.Ad-Hoc|x64.ActiveCfg = Release|Any CPU
		{8D75CC64-50D9-4D8F-8DFA-818B57634699}.Ad-Hoc|x64.Build.0 = Release|Any CPU
		{8D75CC64-50D9-4D8F-8DFA-818B57634699}.Ad-Hoc|x86.ActiveCfg = Release|Any CPU
		{8D75CC64-50D9-4D8F-8DFA-818B57634699}.Ad-Hoc|x86.Build.0 = Release|Any CPU
		{8D75CC64-50D9-4D8F-8DFA-818B57634699}.AppStore|Any CPU.ActiveCfg = Release|Any CPU
		{8D75CC64-50D9-4D8F-8DFA-818B57634699}.AppStore|Any CPU.Build.0 = Release|Any CPU
		{8D75CC64-50D9-4D8F-8DFA-818B57634699}.AppStore|ARM.ActiveCfg = Release|Any CPU
		{8D75CC64-50D9-4D8F-8DFA-818B57634699}.AppStore|ARM.Build.0 = Release|Any CPU
		{8D75CC64-50D9-4D8F-8DFA-818B57634699}.AppStore|iPhone.ActiveCfg = Release|Any CPU
		{8D75CC64-50D9-4D8F-8DFA-818B57634699}.AppStore|iPhone.Build.0 = Release|Any CPU
		{8D75CC64-50D9-4D8F-8DFA-818B57634699}.AppStore|iPhoneSimulator.ActiveCfg = Release|Any CPU
		{8D75CC64-50D9-4D8F-8DFA-818B57634699}.AppStore|iPhoneSimulator.Build.0 = Release|Any CPU
		{8D75CC64-50D9-4D8F-8DFA-818B57634699}.AppStore|x64.ActiveCfg = Release|Any CPU
		{8D75CC64-50D9-4D8F-8DFA-818B57634699}.AppStore|x64.Build.0 = Release|Any CPU
		{8D75CC64-50D9-4D8F-8DFA-818B57634699}.AppStore|x86.ActiveCfg = Release|Any CPU
		{8D75CC64-50D9-4D8F-8DFA-818B57634699}.AppStore|x86.Build.0 = Release|Any CPU
		{8D75CC64-50D9-4D8F-8DFA-818B57634699}.Debug|Any CPU.ActiveCfg = Debug|Any CPU
		{8D75CC64-50D9-4D8F-8DFA-818B57634699}.Debug|Any CPU.Build.0 = Debug|Any CPU
		{8D75CC64-50D9-4D8F-8DFA-818B57634699}.Debug|ARM.ActiveCfg = Debug|Any CPU
		{8D75CC64-50D9-4D8F-8DFA-818B57634699}.Debug|ARM.Build.0 = Debug|Any CPU
		{8D75CC64-50D9-4D8F-8DFA-818B57634699}.Debug|iPhone.ActiveCfg = Debug|Any CPU
		{8D75CC64-50D9-4D8F-8DFA-818B57634699}.Debug|iPhone.Build.0 = Debug|Any CPU
		{8D75CC64-50D9-4D8F-8DFA-818B57634699}.Debug|iPhoneSimulator.ActiveCfg = Debug|Any CPU
		{8D75CC64-50D9-4D8F-8DFA-818B57634699}.Debug|iPhoneSimulator.Build.0 = Debug|Any CPU
		{8D75CC64-50D9-4D8F-8DFA-818B57634699}.Debug|x64.ActiveCfg = Debug|Any CPU
		{8D75CC64-50D9-4D8F-8DFA-818B57634699}.Debug|x64.Build.0 = Debug|Any CPU
		{8D75CC64-50D9-4D8F-8DFA-818B57634699}.Debug|x86.ActiveCfg = Debug|Any CPU
		{8D75CC64-50D9-4D8F-8DFA-818B57634699}.Debug|x86.Build.0 = Debug|Any CPU
		{8D75CC64-50D9-4D8F-8DFA-818B57634699}.Release|Any CPU.ActiveCfg = Release|Any CPU
		{8D75CC64-50D9-4D8F-8DFA-818B57634699}.Release|Any CPU.Build.0 = Release|Any CPU
		{8D75CC64-50D9-4D8F-8DFA-818B57634699}.Release|ARM.ActiveCfg = Release|Any CPU
		{8D75CC64-50D9-4D8F-8DFA-818B57634699}.Release|ARM.Build.0 = Release|Any CPU
		{8D75CC64-50D9-4D8F-8DFA-818B57634699}.Release|iPhone.ActiveCfg = Release|Any CPU
		{8D75CC64-50D9-4D8F-8DFA-818B57634699}.Release|iPhone.Build.0 = Release|Any CPU
		{8D75CC64-50D9-4D8F-8DFA-818B57634699}.Release|iPhoneSimulator.ActiveCfg = Release|Any CPU
		{8D75CC64-50D9-4D8F-8DFA-818B57634699}.Release|iPhoneSimulator.Build.0 = Release|Any CPU
		{8D75CC64-50D9-4D8F-8DFA-818B57634699}.Release|x64.ActiveCfg = Release|Any CPU
		{8D75CC64-50D9-4D8F-8DFA-818B57634699}.Release|x64.Build.0 = Release|Any CPU
		{8D75CC64-50D9-4D8F-8DFA-818B57634699}.Release|x86.ActiveCfg = Release|Any CPU
		{8D75CC64-50D9-4D8F-8DFA-818B57634699}.Release|x86.Build.0 = Release|Any CPU
		{A93C4018-1293-4A39-92CF-640F17DE0A2C}.Ad-Hoc|Any CPU.ActiveCfg = Release|Any CPU
		{A93C4018-1293-4A39-92CF-640F17DE0A2C}.Ad-Hoc|Any CPU.Build.0 = Release|Any CPU
		{A93C4018-1293-4A39-92CF-640F17DE0A2C}.Ad-Hoc|ARM.ActiveCfg = Release|Any CPU
		{A93C4018-1293-4A39-92CF-640F17DE0A2C}.Ad-Hoc|ARM.Build.0 = Release|Any CPU
		{A93C4018-1293-4A39-92CF-640F17DE0A2C}.Ad-Hoc|iPhone.ActiveCfg = Release|Any CPU
		{A93C4018-1293-4A39-92CF-640F17DE0A2C}.Ad-Hoc|iPhone.Build.0 = Release|Any CPU
		{A93C4018-1293-4A39-92CF-640F17DE0A2C}.Ad-Hoc|iPhoneSimulator.ActiveCfg = Release|Any CPU
		{A93C4018-1293-4A39-92CF-640F17DE0A2C}.Ad-Hoc|iPhoneSimulator.Build.0 = Release|Any CPU
		{A93C4018-1293-4A39-92CF-640F17DE0A2C}.Ad-Hoc|x64.ActiveCfg = Release|Any CPU
		{A93C4018-1293-4A39-92CF-640F17DE0A2C}.Ad-Hoc|x64.Build.0 = Release|Any CPU
		{A93C4018-1293-4A39-92CF-640F17DE0A2C}.Ad-Hoc|x86.ActiveCfg = Release|Any CPU
		{A93C4018-1293-4A39-92CF-640F17DE0A2C}.Ad-Hoc|x86.Build.0 = Release|Any CPU
		{A93C4018-1293-4A39-92CF-640F17DE0A2C}.AppStore|Any CPU.ActiveCfg = Release|Any CPU
		{A93C4018-1293-4A39-92CF-640F17DE0A2C}.AppStore|Any CPU.Build.0 = Release|Any CPU
		{A93C4018-1293-4A39-92CF-640F17DE0A2C}.AppStore|ARM.ActiveCfg = Release|Any CPU
		{A93C4018-1293-4A39-92CF-640F17DE0A2C}.AppStore|ARM.Build.0 = Release|Any CPU
		{A93C4018-1293-4A39-92CF-640F17DE0A2C}.AppStore|iPhone.ActiveCfg = Release|Any CPU
		{A93C4018-1293-4A39-92CF-640F17DE0A2C}.AppStore|iPhone.Build.0 = Release|Any CPU
		{A93C4018-1293-4A39-92CF-640F17DE0A2C}.AppStore|iPhoneSimulator.ActiveCfg = Release|Any CPU
		{A93C4018-1293-4A39-92CF-640F17DE0A2C}.AppStore|iPhoneSimulator.Build.0 = Release|Any CPU
		{A93C4018-1293-4A39-92CF-640F17DE0A2C}.AppStore|x64.ActiveCfg = Release|Any CPU
		{A93C4018-1293-4A39-92CF-640F17DE0A2C}.AppStore|x64.Build.0 = Release|Any CPU
		{A93C4018-1293-4A39-92CF-640F17DE0A2C}.AppStore|x86.ActiveCfg = Release|Any CPU
		{A93C4018-1293-4A39-92CF-640F17DE0A2C}.AppStore|x86.Build.0 = Release|Any CPU
		{A93C4018-1293-4A39-92CF-640F17DE0A2C}.Debug|Any CPU.ActiveCfg = Debug|Any CPU
		{A93C4018-1293-4A39-92CF-640F17DE0A2C}.Debug|Any CPU.Build.0 = Debug|Any CPU
		{A93C4018-1293-4A39-92CF-640F17DE0A2C}.Debug|ARM.ActiveCfg = Debug|Any CPU
		{A93C4018-1293-4A39-92CF-640F17DE0A2C}.Debug|ARM.Build.0 = Debug|Any CPU
		{A93C4018-1293-4A39-92CF-640F17DE0A2C}.Debug|iPhone.ActiveCfg = Debug|Any CPU
		{A93C4018-1293-4A39-92CF-640F17DE0A2C}.Debug|iPhone.Build.0 = Debug|Any CPU
		{A93C4018-1293-4A39-92CF-640F17DE0A2C}.Debug|iPhoneSimulator.ActiveCfg = Debug|Any CPU
		{A93C4018-1293-4A39-92CF-640F17DE0A2C}.Debug|iPhoneSimulator.Build.0 = Debug|Any CPU
		{A93C4018-1293-4A39-92CF-640F17DE0A2C}.Debug|x64.ActiveCfg = Debug|Any CPU
		{A93C4018-1293-4A39-92CF-640F17DE0A2C}.Debug|x64.Build.0 = Debug|Any CPU
		{A93C4018-1293-4A39-92CF-640F17DE0A2C}.Debug|x86.ActiveCfg = Debug|Any CPU
		{A93C4018-1293-4A39-92CF-640F17DE0A2C}.Debug|x86.Build.0 = Debug|Any CPU
		{A93C4018-1293-4A39-92CF-640F17DE0A2C}.Release|Any CPU.ActiveCfg = Release|Any CPU
		{A93C4018-1293-4A39-92CF-640F17DE0A2C}.Release|Any CPU.Build.0 = Release|Any CPU
		{A93C4018-1293-4A39-92CF-640F17DE0A2C}.Release|ARM.ActiveCfg = Release|Any CPU
		{A93C4018-1293-4A39-92CF-640F17DE0A2C}.Release|ARM.Build.0 = Release|Any CPU
		{A93C4018-1293-4A39-92CF-640F17DE0A2C}.Release|iPhone.ActiveCfg = Release|Any CPU
		{A93C4018-1293-4A39-92CF-640F17DE0A2C}.Release|iPhone.Build.0 = Release|Any CPU
		{A93C4018-1293-4A39-92CF-640F17DE0A2C}.Release|iPhoneSimulator.ActiveCfg = Release|Any CPU
		{A93C4018-1293-4A39-92CF-640F17DE0A2C}.Release|iPhoneSimulator.Build.0 = Release|Any CPU
		{A93C4018-1293-4A39-92CF-640F17DE0A2C}.Release|x64.ActiveCfg = Release|Any CPU
		{A93C4018-1293-4A39-92CF-640F17DE0A2C}.Release|x64.Build.0 = Release|Any CPU
		{A93C4018-1293-4A39-92CF-640F17DE0A2C}.Release|x86.ActiveCfg = Release|Any CPU
		{A93C4018-1293-4A39-92CF-640F17DE0A2C}.Release|x86.Build.0 = Release|Any CPU
		{EC1D3593-8877-4BC1-AB21-C52EE85683DF}.Ad-Hoc|Any CPU.ActiveCfg = Release|Any CPU
		{EC1D3593-8877-4BC1-AB21-C52EE85683DF}.Ad-Hoc|Any CPU.Build.0 = Release|Any CPU
		{EC1D3593-8877-4BC1-AB21-C52EE85683DF}.Ad-Hoc|ARM.ActiveCfg = Release|Any CPU
		{EC1D3593-8877-4BC1-AB21-C52EE85683DF}.Ad-Hoc|ARM.Build.0 = Release|Any CPU
		{EC1D3593-8877-4BC1-AB21-C52EE85683DF}.Ad-Hoc|iPhone.ActiveCfg = Release|Any CPU
		{EC1D3593-8877-4BC1-AB21-C52EE85683DF}.Ad-Hoc|iPhone.Build.0 = Release|Any CPU
		{EC1D3593-8877-4BC1-AB21-C52EE85683DF}.Ad-Hoc|iPhoneSimulator.ActiveCfg = Release|Any CPU
		{EC1D3593-8877-4BC1-AB21-C52EE85683DF}.Ad-Hoc|iPhoneSimulator.Build.0 = Release|Any CPU
		{EC1D3593-8877-4BC1-AB21-C52EE85683DF}.Ad-Hoc|x64.ActiveCfg = Release|Any CPU
		{EC1D3593-8877-4BC1-AB21-C52EE85683DF}.Ad-Hoc|x64.Build.0 = Release|Any CPU
		{EC1D3593-8877-4BC1-AB21-C52EE85683DF}.Ad-Hoc|x86.ActiveCfg = Release|Any CPU
		{EC1D3593-8877-4BC1-AB21-C52EE85683DF}.Ad-Hoc|x86.Build.0 = Release|Any CPU
		{EC1D3593-8877-4BC1-AB21-C52EE85683DF}.AppStore|Any CPU.ActiveCfg = Release|Any CPU
		{EC1D3593-8877-4BC1-AB21-C52EE85683DF}.AppStore|Any CPU.Build.0 = Release|Any CPU
		{EC1D3593-8877-4BC1-AB21-C52EE85683DF}.AppStore|ARM.ActiveCfg = Release|Any CPU
		{EC1D3593-8877-4BC1-AB21-C52EE85683DF}.AppStore|ARM.Build.0 = Release|Any CPU
		{EC1D3593-8877-4BC1-AB21-C52EE85683DF}.AppStore|iPhone.ActiveCfg = Release|Any CPU
		{EC1D3593-8877-4BC1-AB21-C52EE85683DF}.AppStore|iPhone.Build.0 = Release|Any CPU
		{EC1D3593-8877-4BC1-AB21-C52EE85683DF}.AppStore|iPhoneSimulator.ActiveCfg = Release|Any CPU
		{EC1D3593-8877-4BC1-AB21-C52EE85683DF}.AppStore|iPhoneSimulator.Build.0 = Release|Any CPU
		{EC1D3593-8877-4BC1-AB21-C52EE85683DF}.AppStore|x64.ActiveCfg = Release|Any CPU
		{EC1D3593-8877-4BC1-AB21-C52EE85683DF}.AppStore|x64.Build.0 = Release|Any CPU
		{EC1D3593-8877-4BC1-AB21-C52EE85683DF}.AppStore|x86.ActiveCfg = Release|Any CPU
		{EC1D3593-8877-4BC1-AB21-C52EE85683DF}.AppStore|x86.Build.0 = Release|Any CPU
		{EC1D3593-8877-4BC1-AB21-C52EE85683DF}.Debug|Any CPU.ActiveCfg = Debug|Any CPU
		{EC1D3593-8877-4BC1-AB21-C52EE85683DF}.Debug|Any CPU.Build.0 = Debug|Any CPU
		{EC1D3593-8877-4BC1-AB21-C52EE85683DF}.Debug|ARM.ActiveCfg = Debug|Any CPU
		{EC1D3593-8877-4BC1-AB21-C52EE85683DF}.Debug|ARM.Build.0 = Debug|Any CPU
		{EC1D3593-8877-4BC1-AB21-C52EE85683DF}.Debug|iPhone.ActiveCfg = Debug|Any CPU
		{EC1D3593-8877-4BC1-AB21-C52EE85683DF}.Debug|iPhone.Build.0 = Debug|Any CPU
		{EC1D3593-8877-4BC1-AB21-C52EE85683DF}.Debug|iPhoneSimulator.ActiveCfg = Debug|Any CPU
		{EC1D3593-8877-4BC1-AB21-C52EE85683DF}.Debug|iPhoneSimulator.Build.0 = Debug|Any CPU
		{EC1D3593-8877-4BC1-AB21-C52EE85683DF}.Debug|x64.ActiveCfg = Debug|Any CPU
		{EC1D3593-8877-4BC1-AB21-C52EE85683DF}.Debug|x64.Build.0 = Debug|Any CPU
		{EC1D3593-8877-4BC1-AB21-C52EE85683DF}.Debug|x86.ActiveCfg = Debug|Any CPU
		{EC1D3593-8877-4BC1-AB21-C52EE85683DF}.Debug|x86.Build.0 = Debug|Any CPU
		{EC1D3593-8877-4BC1-AB21-C52EE85683DF}.Release|Any CPU.ActiveCfg = Release|Any CPU
		{EC1D3593-8877-4BC1-AB21-C52EE85683DF}.Release|Any CPU.Build.0 = Release|Any CPU
		{EC1D3593-8877-4BC1-AB21-C52EE85683DF}.Release|ARM.ActiveCfg = Release|Any CPU
		{EC1D3593-8877-4BC1-AB21-C52EE85683DF}.Release|ARM.Build.0 = Release|Any CPU
		{EC1D3593-8877-4BC1-AB21-C52EE85683DF}.Release|iPhone.ActiveCfg = Release|Any CPU
		{EC1D3593-8877-4BC1-AB21-C52EE85683DF}.Release|iPhone.Build.0 = Release|Any CPU
		{EC1D3593-8877-4BC1-AB21-C52EE85683DF}.Release|iPhoneSimulator.ActiveCfg = Release|Any CPU
		{EC1D3593-8877-4BC1-AB21-C52EE85683DF}.Release|iPhoneSimulator.Build.0 = Release|Any CPU
		{EC1D3593-8877-4BC1-AB21-C52EE85683DF}.Release|x64.ActiveCfg = Release|Any CPU
		{EC1D3593-8877-4BC1-AB21-C52EE85683DF}.Release|x64.Build.0 = Release|Any CPU
		{EC1D3593-8877-4BC1-AB21-C52EE85683DF}.Release|x86.ActiveCfg = Release|Any CPU
		{EC1D3593-8877-4BC1-AB21-C52EE85683DF}.Release|x86.Build.0 = Release|Any CPU
		{B772D79C-3AB9-470E-BBA4-D1766BA4B611}.Ad-Hoc|Any CPU.ActiveCfg = Release|Any CPU
		{B772D79C-3AB9-470E-BBA4-D1766BA4B611}.Ad-Hoc|Any CPU.Build.0 = Release|Any CPU
		{B772D79C-3AB9-470E-BBA4-D1766BA4B611}.Ad-Hoc|ARM.ActiveCfg = Release|Any CPU
		{B772D79C-3AB9-470E-BBA4-D1766BA4B611}.Ad-Hoc|ARM.Build.0 = Release|Any CPU
		{B772D79C-3AB9-470E-BBA4-D1766BA4B611}.Ad-Hoc|iPhone.ActiveCfg = Release|Any CPU
		{B772D79C-3AB9-470E-BBA4-D1766BA4B611}.Ad-Hoc|iPhone.Build.0 = Release|Any CPU
		{B772D79C-3AB9-470E-BBA4-D1766BA4B611}.Ad-Hoc|iPhoneSimulator.ActiveCfg = Release|Any CPU
		{B772D79C-3AB9-470E-BBA4-D1766BA4B611}.Ad-Hoc|iPhoneSimulator.Build.0 = Release|Any CPU
		{B772D79C-3AB9-470E-BBA4-D1766BA4B611}.Ad-Hoc|x64.ActiveCfg = Release|Any CPU
		{B772D79C-3AB9-470E-BBA4-D1766BA4B611}.Ad-Hoc|x64.Build.0 = Release|Any CPU
		{B772D79C-3AB9-470E-BBA4-D1766BA4B611}.Ad-Hoc|x86.ActiveCfg = Release|Any CPU
		{B772D79C-3AB9-470E-BBA4-D1766BA4B611}.Ad-Hoc|x86.Build.0 = Release|Any CPU
		{B772D79C-3AB9-470E-BBA4-D1766BA4B611}.AppStore|Any CPU.ActiveCfg = Release|Any CPU
		{B772D79C-3AB9-470E-BBA4-D1766BA4B611}.AppStore|Any CPU.Build.0 = Release|Any CPU
		{B772D79C-3AB9-470E-BBA4-D1766BA4B611}.AppStore|ARM.ActiveCfg = Release|Any CPU
		{B772D79C-3AB9-470E-BBA4-D1766BA4B611}.AppStore|ARM.Build.0 = Release|Any CPU
		{B772D79C-3AB9-470E-BBA4-D1766BA4B611}.AppStore|iPhone.ActiveCfg = Release|Any CPU
		{B772D79C-3AB9-470E-BBA4-D1766BA4B611}.AppStore|iPhone.Build.0 = Release|Any CPU
		{B772D79C-3AB9-470E-BBA4-D1766BA4B611}.AppStore|iPhoneSimulator.ActiveCfg = Release|Any CPU
		{B772D79C-3AB9-470E-BBA4-D1766BA4B611}.AppStore|iPhoneSimulator.Build.0 = Release|Any CPU
		{B772D79C-3AB9-470E-BBA4-D1766BA4B611}.AppStore|x64.ActiveCfg = Release|Any CPU
		{B772D79C-3AB9-470E-BBA4-D1766BA4B611}.AppStore|x64.Build.0 = Release|Any CPU
		{B772D79C-3AB9-470E-BBA4-D1766BA4B611}.AppStore|x86.ActiveCfg = Release|Any CPU
		{B772D79C-3AB9-470E-BBA4-D1766BA4B611}.AppStore|x86.Build.0 = Release|Any CPU
		{B772D79C-3AB9-470E-BBA4-D1766BA4B611}.Debug|Any CPU.ActiveCfg = Debug|Any CPU
		{B772D79C-3AB9-470E-BBA4-D1766BA4B611}.Debug|Any CPU.Build.0 = Debug|Any CPU
		{B772D79C-3AB9-470E-BBA4-D1766BA4B611}.Debug|ARM.ActiveCfg = Debug|Any CPU
		{B772D79C-3AB9-470E-BBA4-D1766BA4B611}.Debug|ARM.Build.0 = Debug|Any CPU
		{B772D79C-3AB9-470E-BBA4-D1766BA4B611}.Debug|iPhone.ActiveCfg = Debug|Any CPU
		{B772D79C-3AB9-470E-BBA4-D1766BA4B611}.Debug|iPhone.Build.0 = Debug|Any CPU
		{B772D79C-3AB9-470E-BBA4-D1766BA4B611}.Debug|iPhoneSimulator.ActiveCfg = Debug|Any CPU
		{B772D79C-3AB9-470E-BBA4-D1766BA4B611}.Debug|iPhoneSimulator.Build.0 = Debug|Any CPU
		{B772D79C-3AB9-470E-BBA4-D1766BA4B611}.Debug|x64.ActiveCfg = Debug|Any CPU
		{B772D79C-3AB9-470E-BBA4-D1766BA4B611}.Debug|x64.Build.0 = Debug|Any CPU
		{B772D79C-3AB9-470E-BBA4-D1766BA4B611}.Debug|x86.ActiveCfg = Debug|Any CPU
		{B772D79C-3AB9-470E-BBA4-D1766BA4B611}.Debug|x86.Build.0 = Debug|Any CPU
		{B772D79C-3AB9-470E-BBA4-D1766BA4B611}.Release|Any CPU.ActiveCfg = Release|Any CPU
		{B772D79C-3AB9-470E-BBA4-D1766BA4B611}.Release|Any CPU.Build.0 = Release|Any CPU
		{B772D79C-3AB9-470E-BBA4-D1766BA4B611}.Release|ARM.ActiveCfg = Release|Any CPU
		{B772D79C-3AB9-470E-BBA4-D1766BA4B611}.Release|ARM.Build.0 = Release|Any CPU
		{B772D79C-3AB9-470E-BBA4-D1766BA4B611}.Release|iPhone.ActiveCfg = Release|Any CPU
		{B772D79C-3AB9-470E-BBA4-D1766BA4B611}.Release|iPhone.Build.0 = Release|Any CPU
		{B772D79C-3AB9-470E-BBA4-D1766BA4B611}.Release|iPhoneSimulator.ActiveCfg = Release|Any CPU
		{B772D79C-3AB9-470E-BBA4-D1766BA4B611}.Release|iPhoneSimulator.Build.0 = Release|Any CPU
		{B772D79C-3AB9-470E-BBA4-D1766BA4B611}.Release|x64.ActiveCfg = Release|Any CPU
		{B772D79C-3AB9-470E-BBA4-D1766BA4B611}.Release|x64.Build.0 = Release|Any CPU
		{B772D79C-3AB9-470E-BBA4-D1766BA4B611}.Release|x86.ActiveCfg = Release|Any CPU
		{B772D79C-3AB9-470E-BBA4-D1766BA4B611}.Release|x86.Build.0 = Release|Any CPU
		{3DEC83A6-9037-4B34-A83B-8F601E6C8FA0}.Ad-Hoc|Any CPU.ActiveCfg = Release|Any CPU
		{3DEC83A6-9037-4B34-A83B-8F601E6C8FA0}.Ad-Hoc|Any CPU.Build.0 = Release|Any CPU
		{3DEC83A6-9037-4B34-A83B-8F601E6C8FA0}.Ad-Hoc|ARM.ActiveCfg = Release|Any CPU
		{3DEC83A6-9037-4B34-A83B-8F601E6C8FA0}.Ad-Hoc|ARM.Build.0 = Release|Any CPU
		{3DEC83A6-9037-4B34-A83B-8F601E6C8FA0}.Ad-Hoc|iPhone.ActiveCfg = Release|Any CPU
		{3DEC83A6-9037-4B34-A83B-8F601E6C8FA0}.Ad-Hoc|iPhone.Build.0 = Release|Any CPU
		{3DEC83A6-9037-4B34-A83B-8F601E6C8FA0}.Ad-Hoc|iPhoneSimulator.ActiveCfg = Release|Any CPU
		{3DEC83A6-9037-4B34-A83B-8F601E6C8FA0}.Ad-Hoc|iPhoneSimulator.Build.0 = Release|Any CPU
		{3DEC83A6-9037-4B34-A83B-8F601E6C8FA0}.Ad-Hoc|x64.ActiveCfg = Release|Any CPU
		{3DEC83A6-9037-4B34-A83B-8F601E6C8FA0}.Ad-Hoc|x64.Build.0 = Release|Any CPU
		{3DEC83A6-9037-4B34-A83B-8F601E6C8FA0}.Ad-Hoc|x86.ActiveCfg = Release|Any CPU
		{3DEC83A6-9037-4B34-A83B-8F601E6C8FA0}.Ad-Hoc|x86.Build.0 = Release|Any CPU
		{3DEC83A6-9037-4B34-A83B-8F601E6C8FA0}.AppStore|Any CPU.ActiveCfg = Release|Any CPU
		{3DEC83A6-9037-4B34-A83B-8F601E6C8FA0}.AppStore|Any CPU.Build.0 = Release|Any CPU
		{3DEC83A6-9037-4B34-A83B-8F601E6C8FA0}.AppStore|ARM.ActiveCfg = Release|Any CPU
		{3DEC83A6-9037-4B34-A83B-8F601E6C8FA0}.AppStore|ARM.Build.0 = Release|Any CPU
		{3DEC83A6-9037-4B34-A83B-8F601E6C8FA0}.AppStore|iPhone.ActiveCfg = Release|Any CPU
		{3DEC83A6-9037-4B34-A83B-8F601E6C8FA0}.AppStore|iPhone.Build.0 = Release|Any CPU
		{3DEC83A6-9037-4B34-A83B-8F601E6C8FA0}.AppStore|iPhoneSimulator.ActiveCfg = Release|Any CPU
		{3DEC83A6-9037-4B34-A83B-8F601E6C8FA0}.AppStore|iPhoneSimulator.Build.0 = Release|Any CPU
		{3DEC83A6-9037-4B34-A83B-8F601E6C8FA0}.AppStore|x64.ActiveCfg = Release|Any CPU
		{3DEC83A6-9037-4B34-A83B-8F601E6C8FA0}.AppStore|x64.Build.0 = Release|Any CPU
		{3DEC83A6-9037-4B34-A83B-8F601E6C8FA0}.AppStore|x86.ActiveCfg = Release|Any CPU
		{3DEC83A6-9037-4B34-A83B-8F601E6C8FA0}.AppStore|x86.Build.0 = Release|Any CPU
		{3DEC83A6-9037-4B34-A83B-8F601E6C8FA0}.Debug|Any CPU.ActiveCfg = Debug|Any CPU
		{3DEC83A6-9037-4B34-A83B-8F601E6C8FA0}.Debug|Any CPU.Build.0 = Debug|Any CPU
		{3DEC83A6-9037-4B34-A83B-8F601E6C8FA0}.Debug|ARM.ActiveCfg = Debug|Any CPU
		{3DEC83A6-9037-4B34-A83B-8F601E6C8FA0}.Debug|ARM.Build.0 = Debug|Any CPU
		{3DEC83A6-9037-4B34-A83B-8F601E6C8FA0}.Debug|iPhone.ActiveCfg = Debug|Any CPU
		{3DEC83A6-9037-4B34-A83B-8F601E6C8FA0}.Debug|iPhone.Build.0 = Debug|Any CPU
		{3DEC83A6-9037-4B34-A83B-8F601E6C8FA0}.Debug|iPhoneSimulator.ActiveCfg = Debug|Any CPU
		{3DEC83A6-9037-4B34-A83B-8F601E6C8FA0}.Debug|iPhoneSimulator.Build.0 = Debug|Any CPU
		{3DEC83A6-9037-4B34-A83B-8F601E6C8FA0}.Debug|x64.ActiveCfg = Debug|Any CPU
		{3DEC83A6-9037-4B34-A83B-8F601E6C8FA0}.Debug|x64.Build.0 = Debug|Any CPU
		{3DEC83A6-9037-4B34-A83B-8F601E6C8FA0}.Debug|x86.ActiveCfg = Debug|Any CPU
		{3DEC83A6-9037-4B34-A83B-8F601E6C8FA0}.Debug|x86.Build.0 = Debug|Any CPU
		{3DEC83A6-9037-4B34-A83B-8F601E6C8FA0}.Release|Any CPU.ActiveCfg = Release|Any CPU
		{3DEC83A6-9037-4B34-A83B-8F601E6C8FA0}.Release|Any CPU.Build.0 = Release|Any CPU
		{3DEC83A6-9037-4B34-A83B-8F601E6C8FA0}.Release|ARM.ActiveCfg = Release|Any CPU
		{3DEC83A6-9037-4B34-A83B-8F601E6C8FA0}.Release|ARM.Build.0 = Release|Any CPU
		{3DEC83A6-9037-4B34-A83B-8F601E6C8FA0}.Release|iPhone.ActiveCfg = Release|Any CPU
		{3DEC83A6-9037-4B34-A83B-8F601E6C8FA0}.Release|iPhone.Build.0 = Release|Any CPU
		{3DEC83A6-9037-4B34-A83B-8F601E6C8FA0}.Release|iPhoneSimulator.ActiveCfg = Release|Any CPU
		{3DEC83A6-9037-4B34-A83B-8F601E6C8FA0}.Release|iPhoneSimulator.Build.0 = Release|Any CPU
		{3DEC83A6-9037-4B34-A83B-8F601E6C8FA0}.Release|x64.ActiveCfg = Release|Any CPU
		{3DEC83A6-9037-4B34-A83B-8F601E6C8FA0}.Release|x64.Build.0 = Release|Any CPU
		{3DEC83A6-9037-4B34-A83B-8F601E6C8FA0}.Release|x86.ActiveCfg = Release|Any CPU
		{3DEC83A6-9037-4B34-A83B-8F601E6C8FA0}.Release|x86.Build.0 = Release|Any CPU
		{55EE7291-40D7-4CCB-B1D2-9FC16D1751AE}.Ad-Hoc|Any CPU.ActiveCfg = Release|Any CPU
		{55EE7291-40D7-4CCB-B1D2-9FC16D1751AE}.Ad-Hoc|Any CPU.Build.0 = Release|Any CPU
		{55EE7291-40D7-4CCB-B1D2-9FC16D1751AE}.Ad-Hoc|ARM.ActiveCfg = Release|Any CPU
		{55EE7291-40D7-4CCB-B1D2-9FC16D1751AE}.Ad-Hoc|ARM.Build.0 = Release|Any CPU
		{55EE7291-40D7-4CCB-B1D2-9FC16D1751AE}.Ad-Hoc|iPhone.ActiveCfg = Release|Any CPU
		{55EE7291-40D7-4CCB-B1D2-9FC16D1751AE}.Ad-Hoc|iPhone.Build.0 = Release|Any CPU
		{55EE7291-40D7-4CCB-B1D2-9FC16D1751AE}.Ad-Hoc|iPhoneSimulator.ActiveCfg = Release|Any CPU
		{55EE7291-40D7-4CCB-B1D2-9FC16D1751AE}.Ad-Hoc|iPhoneSimulator.Build.0 = Release|Any CPU
		{55EE7291-40D7-4CCB-B1D2-9FC16D1751AE}.Ad-Hoc|x64.ActiveCfg = Release|Any CPU
		{55EE7291-40D7-4CCB-B1D2-9FC16D1751AE}.Ad-Hoc|x64.Build.0 = Release|Any CPU
		{55EE7291-40D7-4CCB-B1D2-9FC16D1751AE}.Ad-Hoc|x86.ActiveCfg = Release|Any CPU
		{55EE7291-40D7-4CCB-B1D2-9FC16D1751AE}.Ad-Hoc|x86.Build.0 = Release|Any CPU
		{55EE7291-40D7-4CCB-B1D2-9FC16D1751AE}.AppStore|Any CPU.ActiveCfg = Release|Any CPU
		{55EE7291-40D7-4CCB-B1D2-9FC16D1751AE}.AppStore|Any CPU.Build.0 = Release|Any CPU
		{55EE7291-40D7-4CCB-B1D2-9FC16D1751AE}.AppStore|ARM.ActiveCfg = Release|Any CPU
		{55EE7291-40D7-4CCB-B1D2-9FC16D1751AE}.AppStore|ARM.Build.0 = Release|Any CPU
		{55EE7291-40D7-4CCB-B1D2-9FC16D1751AE}.AppStore|iPhone.ActiveCfg = Release|Any CPU
		{55EE7291-40D7-4CCB-B1D2-9FC16D1751AE}.AppStore|iPhone.Build.0 = Release|Any CPU
		{55EE7291-40D7-4CCB-B1D2-9FC16D1751AE}.AppStore|iPhoneSimulator.ActiveCfg = Release|Any CPU
		{55EE7291-40D7-4CCB-B1D2-9FC16D1751AE}.AppStore|iPhoneSimulator.Build.0 = Release|Any CPU
		{55EE7291-40D7-4CCB-B1D2-9FC16D1751AE}.AppStore|x64.ActiveCfg = Release|Any CPU
		{55EE7291-40D7-4CCB-B1D2-9FC16D1751AE}.AppStore|x64.Build.0 = Release|Any CPU
		{55EE7291-40D7-4CCB-B1D2-9FC16D1751AE}.AppStore|x86.ActiveCfg = Release|Any CPU
		{55EE7291-40D7-4CCB-B1D2-9FC16D1751AE}.AppStore|x86.Build.0 = Release|Any CPU
		{55EE7291-40D7-4CCB-B1D2-9FC16D1751AE}.Debug|Any CPU.ActiveCfg = Debug|Any CPU
		{55EE7291-40D7-4CCB-B1D2-9FC16D1751AE}.Debug|Any CPU.Build.0 = Debug|Any CPU
		{55EE7291-40D7-4CCB-B1D2-9FC16D1751AE}.Debug|ARM.ActiveCfg = Debug|Any CPU
		{55EE7291-40D7-4CCB-B1D2-9FC16D1751AE}.Debug|ARM.Build.0 = Debug|Any CPU
		{55EE7291-40D7-4CCB-B1D2-9FC16D1751AE}.Debug|iPhone.ActiveCfg = Debug|Any CPU
		{55EE7291-40D7-4CCB-B1D2-9FC16D1751AE}.Debug|iPhone.Build.0 = Debug|Any CPU
		{55EE7291-40D7-4CCB-B1D2-9FC16D1751AE}.Debug|iPhoneSimulator.ActiveCfg = Debug|Any CPU
		{55EE7291-40D7-4CCB-B1D2-9FC16D1751AE}.Debug|iPhoneSimulator.Build.0 = Debug|Any CPU
		{55EE7291-40D7-4CCB-B1D2-9FC16D1751AE}.Debug|x64.ActiveCfg = Debug|Any CPU
		{55EE7291-40D7-4CCB-B1D2-9FC16D1751AE}.Debug|x64.Build.0 = Debug|Any CPU
		{55EE7291-40D7-4CCB-B1D2-9FC16D1751AE}.Debug|x86.ActiveCfg = Debug|Any CPU
		{55EE7291-40D7-4CCB-B1D2-9FC16D1751AE}.Debug|x86.Build.0 = Debug|Any CPU
		{55EE7291-40D7-4CCB-B1D2-9FC16D1751AE}.Release|Any CPU.ActiveCfg = Release|Any CPU
		{55EE7291-40D7-4CCB-B1D2-9FC16D1751AE}.Release|Any CPU.Build.0 = Release|Any CPU
		{55EE7291-40D7-4CCB-B1D2-9FC16D1751AE}.Release|ARM.ActiveCfg = Release|Any CPU
		{55EE7291-40D7-4CCB-B1D2-9FC16D1751AE}.Release|ARM.Build.0 = Release|Any CPU
		{55EE7291-40D7-4CCB-B1D2-9FC16D1751AE}.Release|iPhone.ActiveCfg = Release|Any CPU
		{55EE7291-40D7-4CCB-B1D2-9FC16D1751AE}.Release|iPhone.Build.0 = Release|Any CPU
		{55EE7291-40D7-4CCB-B1D2-9FC16D1751AE}.Release|iPhoneSimulator.ActiveCfg = Release|Any CPU
		{55EE7291-40D7-4CCB-B1D2-9FC16D1751AE}.Release|iPhoneSimulator.Build.0 = Release|Any CPU
		{55EE7291-40D7-4CCB-B1D2-9FC16D1751AE}.Release|x64.ActiveCfg = Release|Any CPU
		{55EE7291-40D7-4CCB-B1D2-9FC16D1751AE}.Release|x64.Build.0 = Release|Any CPU
		{55EE7291-40D7-4CCB-B1D2-9FC16D1751AE}.Release|x86.ActiveCfg = Release|Any CPU
		{55EE7291-40D7-4CCB-B1D2-9FC16D1751AE}.Release|x86.Build.0 = Release|Any CPU
		{44A75A74-F86C-4F32-AF6A-14E57506CDB7}.Ad-Hoc|Any CPU.ActiveCfg = Release|Any CPU
		{44A75A74-F86C-4F32-AF6A-14E57506CDB7}.Ad-Hoc|Any CPU.Build.0 = Release|Any CPU
		{44A75A74-F86C-4F32-AF6A-14E57506CDB7}.Ad-Hoc|ARM.ActiveCfg = Release|Any CPU
		{44A75A74-F86C-4F32-AF6A-14E57506CDB7}.Ad-Hoc|ARM.Build.0 = Release|Any CPU
		{44A75A74-F86C-4F32-AF6A-14E57506CDB7}.Ad-Hoc|iPhone.ActiveCfg = Release|Any CPU
		{44A75A74-F86C-4F32-AF6A-14E57506CDB7}.Ad-Hoc|iPhone.Build.0 = Release|Any CPU
		{44A75A74-F86C-4F32-AF6A-14E57506CDB7}.Ad-Hoc|iPhoneSimulator.ActiveCfg = Release|Any CPU
		{44A75A74-F86C-4F32-AF6A-14E57506CDB7}.Ad-Hoc|iPhoneSimulator.Build.0 = Release|Any CPU
		{44A75A74-F86C-4F32-AF6A-14E57506CDB7}.Ad-Hoc|x64.ActiveCfg = Release|Any CPU
		{44A75A74-F86C-4F32-AF6A-14E57506CDB7}.Ad-Hoc|x64.Build.0 = Release|Any CPU
		{44A75A74-F86C-4F32-AF6A-14E57506CDB7}.Ad-Hoc|x86.ActiveCfg = Release|Any CPU
		{44A75A74-F86C-4F32-AF6A-14E57506CDB7}.Ad-Hoc|x86.Build.0 = Release|Any CPU
		{44A75A74-F86C-4F32-AF6A-14E57506CDB7}.AppStore|Any CPU.ActiveCfg = Release|Any CPU
		{44A75A74-F86C-4F32-AF6A-14E57506CDB7}.AppStore|Any CPU.Build.0 = Release|Any CPU
		{44A75A74-F86C-4F32-AF6A-14E57506CDB7}.AppStore|ARM.ActiveCfg = Release|Any CPU
		{44A75A74-F86C-4F32-AF6A-14E57506CDB7}.AppStore|ARM.Build.0 = Release|Any CPU
		{44A75A74-F86C-4F32-AF6A-14E57506CDB7}.AppStore|iPhone.ActiveCfg = Release|Any CPU
		{44A75A74-F86C-4F32-AF6A-14E57506CDB7}.AppStore|iPhone.Build.0 = Release|Any CPU
		{44A75A74-F86C-4F32-AF6A-14E57506CDB7}.AppStore|iPhoneSimulator.ActiveCfg = Release|Any CPU
		{44A75A74-F86C-4F32-AF6A-14E57506CDB7}.AppStore|iPhoneSimulator.Build.0 = Release|Any CPU
		{44A75A74-F86C-4F32-AF6A-14E57506CDB7}.AppStore|x64.ActiveCfg = Release|Any CPU
		{44A75A74-F86C-4F32-AF6A-14E57506CDB7}.AppStore|x64.Build.0 = Release|Any CPU
		{44A75A74-F86C-4F32-AF6A-14E57506CDB7}.AppStore|x86.ActiveCfg = Release|Any CPU
		{44A75A74-F86C-4F32-AF6A-14E57506CDB7}.AppStore|x86.Build.0 = Release|Any CPU
		{44A75A74-F86C-4F32-AF6A-14E57506CDB7}.Debug|Any CPU.ActiveCfg = Debug|Any CPU
		{44A75A74-F86C-4F32-AF6A-14E57506CDB7}.Debug|Any CPU.Build.0 = Debug|Any CPU
		{44A75A74-F86C-4F32-AF6A-14E57506CDB7}.Debug|ARM.ActiveCfg = Debug|Any CPU
		{44A75A74-F86C-4F32-AF6A-14E57506CDB7}.Debug|ARM.Build.0 = Debug|Any CPU
		{44A75A74-F86C-4F32-AF6A-14E57506CDB7}.Debug|iPhone.ActiveCfg = Debug|Any CPU
		{44A75A74-F86C-4F32-AF6A-14E57506CDB7}.Debug|iPhone.Build.0 = Debug|Any CPU
		{44A75A74-F86C-4F32-AF6A-14E57506CDB7}.Debug|iPhoneSimulator.ActiveCfg = Debug|Any CPU
		{44A75A74-F86C-4F32-AF6A-14E57506CDB7}.Debug|iPhoneSimulator.Build.0 = Debug|Any CPU
		{44A75A74-F86C-4F32-AF6A-14E57506CDB7}.Debug|x64.ActiveCfg = Debug|Any CPU
		{44A75A74-F86C-4F32-AF6A-14E57506CDB7}.Debug|x64.Build.0 = Debug|Any CPU
		{44A75A74-F86C-4F32-AF6A-14E57506CDB7}.Debug|x86.ActiveCfg = Debug|Any CPU
		{44A75A74-F86C-4F32-AF6A-14E57506CDB7}.Debug|x86.Build.0 = Debug|Any CPU
		{44A75A74-F86C-4F32-AF6A-14E57506CDB7}.Release|Any CPU.ActiveCfg = Release|Any CPU
		{44A75A74-F86C-4F32-AF6A-14E57506CDB7}.Release|Any CPU.Build.0 = Release|Any CPU
		{44A75A74-F86C-4F32-AF6A-14E57506CDB7}.Release|ARM.ActiveCfg = Release|Any CPU
		{44A75A74-F86C-4F32-AF6A-14E57506CDB7}.Release|ARM.Build.0 = Release|Any CPU
		{44A75A74-F86C-4F32-AF6A-14E57506CDB7}.Release|iPhone.ActiveCfg = Release|Any CPU
		{44A75A74-F86C-4F32-AF6A-14E57506CDB7}.Release|iPhone.Build.0 = Release|Any CPU
		{44A75A74-F86C-4F32-AF6A-14E57506CDB7}.Release|iPhoneSimulator.ActiveCfg = Release|Any CPU
		{44A75A74-F86C-4F32-AF6A-14E57506CDB7}.Release|iPhoneSimulator.Build.0 = Release|Any CPU
		{44A75A74-F86C-4F32-AF6A-14E57506CDB7}.Release|x64.ActiveCfg = Release|Any CPU
		{44A75A74-F86C-4F32-AF6A-14E57506CDB7}.Release|x64.Build.0 = Release|Any CPU
		{44A75A74-F86C-4F32-AF6A-14E57506CDB7}.Release|x86.ActiveCfg = Release|Any CPU
		{44A75A74-F86C-4F32-AF6A-14E57506CDB7}.Release|x86.Build.0 = Release|Any CPU
		{D33118FF-4B1C-4586-AFBA-8A0CD7906526}.Ad-Hoc|Any CPU.ActiveCfg = Release|Any CPU
		{D33118FF-4B1C-4586-AFBA-8A0CD7906526}.Ad-Hoc|Any CPU.Build.0 = Release|Any CPU
		{D33118FF-4B1C-4586-AFBA-8A0CD7906526}.Ad-Hoc|ARM.ActiveCfg = Release|Any CPU
		{D33118FF-4B1C-4586-AFBA-8A0CD7906526}.Ad-Hoc|ARM.Build.0 = Release|Any CPU
		{D33118FF-4B1C-4586-AFBA-8A0CD7906526}.Ad-Hoc|iPhone.ActiveCfg = Release|Any CPU
		{D33118FF-4B1C-4586-AFBA-8A0CD7906526}.Ad-Hoc|iPhone.Build.0 = Release|Any CPU
		{D33118FF-4B1C-4586-AFBA-8A0CD7906526}.Ad-Hoc|iPhoneSimulator.ActiveCfg = Release|Any CPU
		{D33118FF-4B1C-4586-AFBA-8A0CD7906526}.Ad-Hoc|iPhoneSimulator.Build.0 = Release|Any CPU
		{D33118FF-4B1C-4586-AFBA-8A0CD7906526}.Ad-Hoc|x64.ActiveCfg = Release|Any CPU
		{D33118FF-4B1C-4586-AFBA-8A0CD7906526}.Ad-Hoc|x64.Build.0 = Release|Any CPU
		{D33118FF-4B1C-4586-AFBA-8A0CD7906526}.Ad-Hoc|x86.ActiveCfg = Release|Any CPU
		{D33118FF-4B1C-4586-AFBA-8A0CD7906526}.Ad-Hoc|x86.Build.0 = Release|Any CPU
		{D33118FF-4B1C-4586-AFBA-8A0CD7906526}.AppStore|Any CPU.ActiveCfg = Release|Any CPU
		{D33118FF-4B1C-4586-AFBA-8A0CD7906526}.AppStore|Any CPU.Build.0 = Release|Any CPU
		{D33118FF-4B1C-4586-AFBA-8A0CD7906526}.AppStore|ARM.ActiveCfg = Release|Any CPU
		{D33118FF-4B1C-4586-AFBA-8A0CD7906526}.AppStore|ARM.Build.0 = Release|Any CPU
		{D33118FF-4B1C-4586-AFBA-8A0CD7906526}.AppStore|iPhone.ActiveCfg = Release|Any CPU
		{D33118FF-4B1C-4586-AFBA-8A0CD7906526}.AppStore|iPhone.Build.0 = Release|Any CPU
		{D33118FF-4B1C-4586-AFBA-8A0CD7906526}.AppStore|iPhoneSimulator.ActiveCfg = Release|Any CPU
		{D33118FF-4B1C-4586-AFBA-8A0CD7906526}.AppStore|iPhoneSimulator.Build.0 = Release|Any CPU
		{D33118FF-4B1C-4586-AFBA-8A0CD7906526}.AppStore|x64.ActiveCfg = Release|Any CPU
		{D33118FF-4B1C-4586-AFBA-8A0CD7906526}.AppStore|x64.Build.0 = Release|Any CPU
		{D33118FF-4B1C-4586-AFBA-8A0CD7906526}.AppStore|x86.ActiveCfg = Release|Any CPU
		{D33118FF-4B1C-4586-AFBA-8A0CD7906526}.AppStore|x86.Build.0 = Release|Any CPU
		{D33118FF-4B1C-4586-AFBA-8A0CD7906526}.Debug|Any CPU.ActiveCfg = Debug|Any CPU
		{D33118FF-4B1C-4586-AFBA-8A0CD7906526}.Debug|Any CPU.Build.0 = Debug|Any CPU
		{D33118FF-4B1C-4586-AFBA-8A0CD7906526}.Debug|ARM.ActiveCfg = Debug|Any CPU
		{D33118FF-4B1C-4586-AFBA-8A0CD7906526}.Debug|ARM.Build.0 = Debug|Any CPU
		{D33118FF-4B1C-4586-AFBA-8A0CD7906526}.Debug|iPhone.ActiveCfg = Debug|Any CPU
		{D33118FF-4B1C-4586-AFBA-8A0CD7906526}.Debug|iPhone.Build.0 = Debug|Any CPU
		{D33118FF-4B1C-4586-AFBA-8A0CD7906526}.Debug|iPhoneSimulator.ActiveCfg = Debug|Any CPU
		{D33118FF-4B1C-4586-AFBA-8A0CD7906526}.Debug|iPhoneSimulator.Build.0 = Debug|Any CPU
		{D33118FF-4B1C-4586-AFBA-8A0CD7906526}.Debug|x64.ActiveCfg = Debug|Any CPU
		{D33118FF-4B1C-4586-AFBA-8A0CD7906526}.Debug|x64.Build.0 = Debug|Any CPU
		{D33118FF-4B1C-4586-AFBA-8A0CD7906526}.Debug|x86.ActiveCfg = Debug|Any CPU
		{D33118FF-4B1C-4586-AFBA-8A0CD7906526}.Debug|x86.Build.0 = Debug|Any CPU
		{D33118FF-4B1C-4586-AFBA-8A0CD7906526}.Release|Any CPU.ActiveCfg = Release|Any CPU
		{D33118FF-4B1C-4586-AFBA-8A0CD7906526}.Release|Any CPU.Build.0 = Release|Any CPU
		{D33118FF-4B1C-4586-AFBA-8A0CD7906526}.Release|ARM.ActiveCfg = Release|Any CPU
		{D33118FF-4B1C-4586-AFBA-8A0CD7906526}.Release|ARM.Build.0 = Release|Any CPU
		{D33118FF-4B1C-4586-AFBA-8A0CD7906526}.Release|iPhone.ActiveCfg = Release|Any CPU
		{D33118FF-4B1C-4586-AFBA-8A0CD7906526}.Release|iPhone.Build.0 = Release|Any CPU
		{D33118FF-4B1C-4586-AFBA-8A0CD7906526}.Release|iPhoneSimulator.ActiveCfg = Release|Any CPU
		{D33118FF-4B1C-4586-AFBA-8A0CD7906526}.Release|iPhoneSimulator.Build.0 = Release|Any CPU
		{D33118FF-4B1C-4586-AFBA-8A0CD7906526}.Release|x64.ActiveCfg = Release|Any CPU
		{D33118FF-4B1C-4586-AFBA-8A0CD7906526}.Release|x64.Build.0 = Release|Any CPU
		{D33118FF-4B1C-4586-AFBA-8A0CD7906526}.Release|x86.ActiveCfg = Release|Any CPU
		{D33118FF-4B1C-4586-AFBA-8A0CD7906526}.Release|x86.Build.0 = Release|Any CPU
		{5B9D65EB-3661-4EA3-8CC5-E173F660A5B9}.Ad-Hoc|Any CPU.ActiveCfg = Release|Any CPU
		{5B9D65EB-3661-4EA3-8CC5-E173F660A5B9}.Ad-Hoc|Any CPU.Build.0 = Release|Any CPU
		{5B9D65EB-3661-4EA3-8CC5-E173F660A5B9}.Ad-Hoc|ARM.ActiveCfg = Release|Any CPU
		{5B9D65EB-3661-4EA3-8CC5-E173F660A5B9}.Ad-Hoc|ARM.Build.0 = Release|Any CPU
		{5B9D65EB-3661-4EA3-8CC5-E173F660A5B9}.Ad-Hoc|iPhone.ActiveCfg = Release|Any CPU
		{5B9D65EB-3661-4EA3-8CC5-E173F660A5B9}.Ad-Hoc|iPhone.Build.0 = Release|Any CPU
		{5B9D65EB-3661-4EA3-8CC5-E173F660A5B9}.Ad-Hoc|iPhoneSimulator.ActiveCfg = Release|Any CPU
		{5B9D65EB-3661-4EA3-8CC5-E173F660A5B9}.Ad-Hoc|iPhoneSimulator.Build.0 = Release|Any CPU
		{5B9D65EB-3661-4EA3-8CC5-E173F660A5B9}.Ad-Hoc|x64.ActiveCfg = Release|Any CPU
		{5B9D65EB-3661-4EA3-8CC5-E173F660A5B9}.Ad-Hoc|x64.Build.0 = Release|Any CPU
		{5B9D65EB-3661-4EA3-8CC5-E173F660A5B9}.Ad-Hoc|x86.ActiveCfg = Release|Any CPU
		{5B9D65EB-3661-4EA3-8CC5-E173F660A5B9}.Ad-Hoc|x86.Build.0 = Release|Any CPU
		{5B9D65EB-3661-4EA3-8CC5-E173F660A5B9}.AppStore|Any CPU.ActiveCfg = Release|Any CPU
		{5B9D65EB-3661-4EA3-8CC5-E173F660A5B9}.AppStore|Any CPU.Build.0 = Release|Any CPU
		{5B9D65EB-3661-4EA3-8CC5-E173F660A5B9}.AppStore|ARM.ActiveCfg = Release|Any CPU
		{5B9D65EB-3661-4EA3-8CC5-E173F660A5B9}.AppStore|ARM.Build.0 = Release|Any CPU
		{5B9D65EB-3661-4EA3-8CC5-E173F660A5B9}.AppStore|iPhone.ActiveCfg = Release|Any CPU
		{5B9D65EB-3661-4EA3-8CC5-E173F660A5B9}.AppStore|iPhone.Build.0 = Release|Any CPU
		{5B9D65EB-3661-4EA3-8CC5-E173F660A5B9}.AppStore|iPhoneSimulator.ActiveCfg = Release|Any CPU
		{5B9D65EB-3661-4EA3-8CC5-E173F660A5B9}.AppStore|iPhoneSimulator.Build.0 = Release|Any CPU
		{5B9D65EB-3661-4EA3-8CC5-E173F660A5B9}.AppStore|x64.ActiveCfg = Release|Any CPU
		{5B9D65EB-3661-4EA3-8CC5-E173F660A5B9}.AppStore|x64.Build.0 = Release|Any CPU
		{5B9D65EB-3661-4EA3-8CC5-E173F660A5B9}.AppStore|x86.ActiveCfg = Release|Any CPU
		{5B9D65EB-3661-4EA3-8CC5-E173F660A5B9}.AppStore|x86.Build.0 = Release|Any CPU
		{5B9D65EB-3661-4EA3-8CC5-E173F660A5B9}.Debug|Any CPU.ActiveCfg = Debug|Any CPU
		{5B9D65EB-3661-4EA3-8CC5-E173F660A5B9}.Debug|Any CPU.Build.0 = Debug|Any CPU
		{5B9D65EB-3661-4EA3-8CC5-E173F660A5B9}.Debug|ARM.ActiveCfg = Debug|Any CPU
		{5B9D65EB-3661-4EA3-8CC5-E173F660A5B9}.Debug|ARM.Build.0 = Debug|Any CPU
		{5B9D65EB-3661-4EA3-8CC5-E173F660A5B9}.Debug|iPhone.ActiveCfg = Debug|Any CPU
		{5B9D65EB-3661-4EA3-8CC5-E173F660A5B9}.Debug|iPhone.Build.0 = Debug|Any CPU
		{5B9D65EB-3661-4EA3-8CC5-E173F660A5B9}.Debug|iPhoneSimulator.ActiveCfg = Debug|Any CPU
		{5B9D65EB-3661-4EA3-8CC5-E173F660A5B9}.Debug|iPhoneSimulator.Build.0 = Debug|Any CPU
		{5B9D65EB-3661-4EA3-8CC5-E173F660A5B9}.Debug|x64.ActiveCfg = Debug|Any CPU
		{5B9D65EB-3661-4EA3-8CC5-E173F660A5B9}.Debug|x64.Build.0 = Debug|Any CPU
		{5B9D65EB-3661-4EA3-8CC5-E173F660A5B9}.Debug|x86.ActiveCfg = Debug|Any CPU
		{5B9D65EB-3661-4EA3-8CC5-E173F660A5B9}.Debug|x86.Build.0 = Debug|Any CPU
		{5B9D65EB-3661-4EA3-8CC5-E173F660A5B9}.Release|Any CPU.ActiveCfg = Release|Any CPU
		{5B9D65EB-3661-4EA3-8CC5-E173F660A5B9}.Release|Any CPU.Build.0 = Release|Any CPU
		{5B9D65EB-3661-4EA3-8CC5-E173F660A5B9}.Release|ARM.ActiveCfg = Release|Any CPU
		{5B9D65EB-3661-4EA3-8CC5-E173F660A5B9}.Release|ARM.Build.0 = Release|Any CPU
		{5B9D65EB-3661-4EA3-8CC5-E173F660A5B9}.Release|iPhone.ActiveCfg = Release|Any CPU
		{5B9D65EB-3661-4EA3-8CC5-E173F660A5B9}.Release|iPhone.Build.0 = Release|Any CPU
		{5B9D65EB-3661-4EA3-8CC5-E173F660A5B9}.Release|iPhoneSimulator.ActiveCfg = Release|Any CPU
		{5B9D65EB-3661-4EA3-8CC5-E173F660A5B9}.Release|iPhoneSimulator.Build.0 = Release|Any CPU
		{5B9D65EB-3661-4EA3-8CC5-E173F660A5B9}.Release|x64.ActiveCfg = Release|Any CPU
		{5B9D65EB-3661-4EA3-8CC5-E173F660A5B9}.Release|x64.Build.0 = Release|Any CPU
		{5B9D65EB-3661-4EA3-8CC5-E173F660A5B9}.Release|x86.ActiveCfg = Release|Any CPU
		{5B9D65EB-3661-4EA3-8CC5-E173F660A5B9}.Release|x86.Build.0 = Release|Any CPU
		{6622A028-798F-4EF2-891A-85BDBC7DF164}.Ad-Hoc|Any CPU.ActiveCfg = Release|Any CPU
		{6622A028-798F-4EF2-891A-85BDBC7DF164}.Ad-Hoc|Any CPU.Build.0 = Release|Any CPU
		{6622A028-798F-4EF2-891A-85BDBC7DF164}.Ad-Hoc|ARM.ActiveCfg = Release|Any CPU
		{6622A028-798F-4EF2-891A-85BDBC7DF164}.Ad-Hoc|ARM.Build.0 = Release|Any CPU
		{6622A028-798F-4EF2-891A-85BDBC7DF164}.Ad-Hoc|iPhone.ActiveCfg = Release|Any CPU
		{6622A028-798F-4EF2-891A-85BDBC7DF164}.Ad-Hoc|iPhone.Build.0 = Release|Any CPU
		{6622A028-798F-4EF2-891A-85BDBC7DF164}.Ad-Hoc|iPhoneSimulator.ActiveCfg = Release|Any CPU
		{6622A028-798F-4EF2-891A-85BDBC7DF164}.Ad-Hoc|iPhoneSimulator.Build.0 = Release|Any CPU
		{6622A028-798F-4EF2-891A-85BDBC7DF164}.Ad-Hoc|x64.ActiveCfg = Release|Any CPU
		{6622A028-798F-4EF2-891A-85BDBC7DF164}.Ad-Hoc|x64.Build.0 = Release|Any CPU
		{6622A028-798F-4EF2-891A-85BDBC7DF164}.Ad-Hoc|x86.ActiveCfg = Release|Any CPU
		{6622A028-798F-4EF2-891A-85BDBC7DF164}.Ad-Hoc|x86.Build.0 = Release|Any CPU
		{6622A028-798F-4EF2-891A-85BDBC7DF164}.AppStore|Any CPU.ActiveCfg = Release|Any CPU
		{6622A028-798F-4EF2-891A-85BDBC7DF164}.AppStore|Any CPU.Build.0 = Release|Any CPU
		{6622A028-798F-4EF2-891A-85BDBC7DF164}.AppStore|ARM.ActiveCfg = Release|Any CPU
		{6622A028-798F-4EF2-891A-85BDBC7DF164}.AppStore|ARM.Build.0 = Release|Any CPU
		{6622A028-798F-4EF2-891A-85BDBC7DF164}.AppStore|iPhone.ActiveCfg = Release|Any CPU
		{6622A028-798F-4EF2-891A-85BDBC7DF164}.AppStore|iPhone.Build.0 = Release|Any CPU
		{6622A028-798F-4EF2-891A-85BDBC7DF164}.AppStore|iPhoneSimulator.ActiveCfg = Release|Any CPU
		{6622A028-798F-4EF2-891A-85BDBC7DF164}.AppStore|iPhoneSimulator.Build.0 = Release|Any CPU
		{6622A028-798F-4EF2-891A-85BDBC7DF164}.AppStore|x64.ActiveCfg = Release|Any CPU
		{6622A028-798F-4EF2-891A-85BDBC7DF164}.AppStore|x64.Build.0 = Release|Any CPU
		{6622A028-798F-4EF2-891A-85BDBC7DF164}.AppStore|x86.ActiveCfg = Release|Any CPU
		{6622A028-798F-4EF2-891A-85BDBC7DF164}.AppStore|x86.Build.0 = Release|Any CPU
		{6622A028-798F-4EF2-891A-85BDBC7DF164}.Debug|Any CPU.ActiveCfg = Debug|Any CPU
		{6622A028-798F-4EF2-891A-85BDBC7DF164}.Debug|Any CPU.Build.0 = Debug|Any CPU
		{6622A028-798F-4EF2-891A-85BDBC7DF164}.Debug|ARM.ActiveCfg = Debug|Any CPU
		{6622A028-798F-4EF2-891A-85BDBC7DF164}.Debug|ARM.Build.0 = Debug|Any CPU
		{6622A028-798F-4EF2-891A-85BDBC7DF164}.Debug|iPhone.ActiveCfg = Debug|Any CPU
		{6622A028-798F-4EF2-891A-85BDBC7DF164}.Debug|iPhone.Build.0 = Debug|Any CPU
		{6622A028-798F-4EF2-891A-85BDBC7DF164}.Debug|iPhoneSimulator.ActiveCfg = Debug|Any CPU
		{6622A028-798F-4EF2-891A-85BDBC7DF164}.Debug|iPhoneSimulator.Build.0 = Debug|Any CPU
		{6622A028-798F-4EF2-891A-85BDBC7DF164}.Debug|x64.ActiveCfg = Debug|Any CPU
		{6622A028-798F-4EF2-891A-85BDBC7DF164}.Debug|x64.Build.0 = Debug|Any CPU
		{6622A028-798F-4EF2-891A-85BDBC7DF164}.Debug|x86.ActiveCfg = Debug|Any CPU
		{6622A028-798F-4EF2-891A-85BDBC7DF164}.Debug|x86.Build.0 = Debug|Any CPU
		{6622A028-798F-4EF2-891A-85BDBC7DF164}.Release|Any CPU.ActiveCfg = Release|Any CPU
		{6622A028-798F-4EF2-891A-85BDBC7DF164}.Release|Any CPU.Build.0 = Release|Any CPU
		{6622A028-798F-4EF2-891A-85BDBC7DF164}.Release|ARM.ActiveCfg = Release|Any CPU
		{6622A028-798F-4EF2-891A-85BDBC7DF164}.Release|ARM.Build.0 = Release|Any CPU
		{6622A028-798F-4EF2-891A-85BDBC7DF164}.Release|iPhone.ActiveCfg = Release|Any CPU
		{6622A028-798F-4EF2-891A-85BDBC7DF164}.Release|iPhone.Build.0 = Release|Any CPU
		{6622A028-798F-4EF2-891A-85BDBC7DF164}.Release|iPhoneSimulator.ActiveCfg = Release|Any CPU
		{6622A028-798F-4EF2-891A-85BDBC7DF164}.Release|iPhoneSimulator.Build.0 = Release|Any CPU
		{6622A028-798F-4EF2-891A-85BDBC7DF164}.Release|x64.ActiveCfg = Release|Any CPU
		{6622A028-798F-4EF2-891A-85BDBC7DF164}.Release|x64.Build.0 = Release|Any CPU
		{6622A028-798F-4EF2-891A-85BDBC7DF164}.Release|x86.ActiveCfg = Release|Any CPU
		{6622A028-798F-4EF2-891A-85BDBC7DF164}.Release|x86.Build.0 = Release|Any CPU
	EndGlobalSection
	GlobalSection(SolutionProperties) = preSolution
		HideSolutionNode = FALSE
	EndGlobalSection
	GlobalSection(NestedProjects) = preSolution
		{568D29C7-AD18-44A9-999C-952D1B0ED944} = {78C1DD09-7EC2-4987-8BCA-87DFBA3BCBDD}
		{8D38925A-FD70-4072-B8E6-955960FC3743} = {78C1DD09-7EC2-4987-8BCA-87DFBA3BCBDD}
		{D5731729-4EE4-4FF2-B4D3-5CF3B0667F7A} = {78C1DD09-7EC2-4987-8BCA-87DFBA3BCBDD}
		{4C0F687F-23F9-4742-B7C1-67FEB8C86918} = {6099BC51-AD3E-46B0-8C95-C859D9F843C1}
		{845CBE81-74F0-4526-ABAE-77585B86233E} = {6099BC51-AD3E-46B0-8C95-C859D9F843C1}
		{B7ACC7F8-9CD6-47A5-B55E-A751BEA13F8D} = {6099BC51-AD3E-46B0-8C95-C859D9F843C1}
		{8D75CC64-50D9-4D8F-8DFA-818B57634699} = {78C1DD09-7EC2-4987-8BCA-87DFBA3BCBDD}
		{A93C4018-1293-4A39-92CF-640F17DE0A2C} = {6099BC51-AD3E-46B0-8C95-C859D9F843C1}
		{EC1D3593-8877-4BC1-AB21-C52EE85683DF} = {6099BC51-AD3E-46B0-8C95-C859D9F843C1}
		{B772D79C-3AB9-470E-BBA4-D1766BA4B611} = {6099BC51-AD3E-46B0-8C95-C859D9F843C1}
		{3DEC83A6-9037-4B34-A83B-8F601E6C8FA0} = {6099BC51-AD3E-46B0-8C95-C859D9F843C1}
		{55EE7291-40D7-4CCB-B1D2-9FC16D1751AE} = {6099BC51-AD3E-46B0-8C95-C859D9F843C1}
		{44A75A74-F86C-4F32-AF6A-14E57506CDB7} = {FD574E79-9274-4D21-80CC-B14B394D04E2}
		{FD574E79-9274-4D21-80CC-B14B394D04E2} = {78C1DD09-7EC2-4987-8BCA-87DFBA3BCBDD}
		{D33118FF-4B1C-4586-AFBA-8A0CD7906526} = {FD574E79-9274-4D21-80CC-B14B394D04E2}
		{5B9D65EB-3661-4EA3-8CC5-E173F660A5B9} = {662ECF70-C8A9-4222-AC5F-DD96FE4C4F1D}
		{6622A028-798F-4EF2-891A-85BDBC7DF164} = {662ECF70-C8A9-4222-AC5F-DD96FE4C4F1D}
	EndGlobalSection
EndGlobal
